
Microsoft Visual Studio Solution File, Format Version 10.00
# Visual Studio 2008
Project("{54435603-DBB4-11D2-8724-00A0C9A8B90C}") = "Setup", "Setup\Setup.vdproj", "{E82B5427-BE24-4AF2-9C8A-E9F9881F9A4C}"
EndProject
Global
	GlobalSection(SolutionConfigurationPlatforms) = preSolution
		Debug|Default = Debug|Default
		Release|Default = Release|Default
	EndGlobalSection
	GlobalSection(ProjectConfigurationPlatforms) = postSolution
		{E82B5427-BE24-4AF2-9C8A-E9F9881F9A4C}.Debug|Default.ActiveCfg = Debug
		{E82B5427-BE24-4AF2-9C8A-E9F9881F9A4C}.Debug|Default.Build.0 = Debug
		{E82B5427-BE24-4AF2-9C8A-E9F9881F9A4C}.Release|Default.ActiveCfg = Release
		{E82B5427-BE24-4AF2-9C8A-E9F9881F9A4C}.Release|Default.Build.0 = Release
	EndGlobalSection
	GlobalSection(SolutionProperties) = preSolution
		HideSolutionNode = FALSE
	EndGlobalSection
EndGlobal
