
Microsoft Visual Studio Solution File, Format Version 10.00
# Visual Studio 2008
Project("{8BC9CEB8-8B4A-11D0-8D11-00A0C91BC942}") = "RGWinService", "RGWinService\RGWinService.vcproj", "{F7613970-8F5D-47ED-A876-B7C974BBC416}"
EndProject
Global
	GlobalSection(SolutionConfigurationPlatforms) = preSolution
		Debug|Win32 = Debug|Win32
		Release|Win32 = Release|Win32
	EndGlobalSection
	GlobalSection(ProjectConfigurationPlatforms) = postSolution
		{F7613970-8F5D-47ED-A876-B7C974BBC416}.Debug|Win32.ActiveCfg = Debug|Win32
		{F7613970-8F5D-47ED-A876-B7C974BBC416}.Debug|Win32.Build.0 = Debug|Win32
		{F7613970-8F5D-47ED-A876-B7C974BBC416}.Release|Win32.ActiveCfg = Release|Win32
		{F7613970-8F5D-47ED-A876-B7C974BBC416}.Release|Win32.Build.0 = Release|Win32
	EndGlobalSection
	GlobalSection(SolutionProperties) = preSolution
		HideSolutionNode = FALSE
	EndGlobalSection
EndGlobal
