
Microsoft Visual Studio Solution File, Format Version 10.00
# Visual Studio 2008
Project("{8BC9CEB8-8B4A-11D0-8D11-00A0C91BC942}") = "FavoriteTest", "FavoriteTest\FavoriteTest.vcproj", "{EA3B5C8A-9A5C-4EC2-9A22-EF814B8F414E}"
EndProject
Global
	GlobalSection(SolutionConfigurationPlatforms) = preSolution
		Debug|Win32 = Debug|Win32
		Release|Win32 = Release|Win32
	EndGlobalSection
	GlobalSection(ProjectConfigurationPlatforms) = postSolution
		{EA3B5C8A-9A5C-4EC2-9A22-EF814B8F414E}.Debug|Win32.ActiveCfg = Debug|Win32
		{EA3B5C8A-9A5C-4EC2-9A22-EF814B8F414E}.Debug|Win32.Build.0 = Debug|Win32
		{EA3B5C8A-9A5C-4EC2-9A22-EF814B8F414E}.Release|Win32.ActiveCfg = Release|Win32
		{EA3B5C8A-9A5C-4EC2-9A22-EF814B8F414E}.Release|Win32.Build.0 = Release|Win32
	EndGlobalSection
	GlobalSection(SolutionProperties) = preSolution
		HideSolutionNode = FALSE
	EndGlobalSection
EndGlobal
