Microsoft Visual Studio Solution File, Format Version 8.00
Project("{8BC9CEB8-8B4A-11D0-8D11-00A0C91BC942}") = "SystemTrayDemo", "SystemTrayDemo.vcproj", "{6B548716-D363-42F2-AC25-EB32E2D30343}"
	ProjectSection(ProjectDependencies) = postProject
	EndProjectSection
EndProject
Global
	GlobalSection(SolutionConfiguration) = preSolution
		Debug = Debug
		DebugNonMFC = DebugNonMFC
		Release = Release
	EndGlobalSection
	GlobalSection(ProjectConfiguration) = postSolution
		{6B548716-D363-42F2-AC25-EB32E2D30343}.Debug.ActiveCfg = Debug|Win32
		{6B548716-D363-42F2-AC25-EB32E2D30343}.Debug.Build.0 = Debug|Win32
		{6B548716-D363-42F2-AC25-EB32E2D30343}.DebugNonMFC.ActiveCfg = DebugNonMFC|Win32
		{6B548716-D363-42F2-AC25-EB32E2D30343}.DebugNonMFC.Build.0 = DebugNonMFC|Win32
		{6B548716-D363-42F2-AC25-EB32E2D30343}.Release.ActiveCfg = Release|Win32
		{6B548716-D363-42F2-AC25-EB32E2D30343}.Release.Build.0 = Release|Win32
	EndGlobalSection
	GlobalSection(ExtensibilityGlobals) = postSolution
	EndGlobalSection
	GlobalSection(ExtensibilityAddIns) = postSolution
	EndGlobalSection
EndGlobal
