
Microsoft Visual Studio Solution File, Format Version 10.00
# Visual Studio 2008
Project("{8BC9CEB8-8B4A-11D0-8D11-00A0C91BC942}") = "NetClient", "NetClient\NetClient.vcproj", "{26133B3B-E121-4148-8A9E-0C06BF1EBE48}"
EndProject
Project("{8BC9CEB8-8B4A-11D0-8D11-00A0C91BC942}") = "NetSrv", "NetSrv\NetSrv.vcproj", "{9C56340E-DE83-4E2F-924C-D370EEAABF69}"
EndProject
Project("{8BC9CEB8-8B4A-11D0-8D11-00A0C91BC942}") = "TcpClient", "TcpClient\TcpClient.vcproj", "{665F5C4E-8A7D-48AD-8D7C-9BC2B00ECB00}"
EndProject
Project("{8BC9CEB8-8B4A-11D0-8D11-00A0C91BC942}") = "TcpSrv", "TcpSrv\TcpSrv.vcproj", "{94CEBE1C-21AC-4D34-9003-0332B2D6AD9E}"
EndProject
Project("{8BC9CEB8-8B4A-11D0-8D11-00A0C91BC942}") = "UdpClient", "UdpClient\UdpClient.vcproj", "{94BF6CAB-42C4-4E77-86E8-4096798F4CCC}"
EndProject
Project("{8BC9CEB8-8B4A-11D0-8D11-00A0C91BC942}") = "UdpSrv", "UdpSrv\UdpSrv.vcproj", "{FC4758C5-393C-43C8-9DE8-02711D61BAA0}"
EndProject
Global
	GlobalSection(SolutionConfigurationPlatforms) = preSolution
		Debug|Win32 = Debug|Win32
		Release|Win32 = Release|Win32
	EndGlobalSection
	GlobalSection(ProjectConfigurationPlatforms) = postSolution
		{26133B3B-E121-4148-8A9E-0C06BF1EBE48}.Debug|Win32.ActiveCfg = Debug|Win32
		{26133B3B-E121-4148-8A9E-0C06BF1EBE48}.Debug|Win32.Build.0 = Debug|Win32
		{26133B3B-E121-4148-8A9E-0C06BF1EBE48}.Release|Win32.ActiveCfg = Release|Win32
		{26133B3B-E121-4148-8A9E-0C06BF1EBE48}.Release|Win32.Build.0 = Release|Win32
		{9C56340E-DE83-4E2F-924C-D370EEAABF69}.Debug|Win32.ActiveCfg = Debug|Win32
		{9C56340E-DE83-4E2F-924C-D370EEAABF69}.Debug|Win32.Build.0 = Debug|Win32
		{9C56340E-DE83-4E2F-924C-D370EEAABF69}.Release|Win32.ActiveCfg = Release|Win32
		{9C56340E-DE83-4E2F-924C-D370EEAABF69}.Release|Win32.Build.0 = Release|Win32
		{665F5C4E-8A7D-48AD-8D7C-9BC2B00ECB00}.Debug|Win32.ActiveCfg = Debug|Win32
		{665F5C4E-8A7D-48AD-8D7C-9BC2B00ECB00}.Debug|Win32.Build.0 = Debug|Win32
		{665F5C4E-8A7D-48AD-8D7C-9BC2B00ECB00}.Release|Win32.ActiveCfg = Release|Win32
		{665F5C4E-8A7D-48AD-8D7C-9BC2B00ECB00}.Release|Win32.Build.0 = Release|Win32
		{94CEBE1C-21AC-4D34-9003-0332B2D6AD9E}.Debug|Win32.ActiveCfg = Debug|Win32
		{94CEBE1C-21AC-4D34-9003-0332B2D6AD9E}.Debug|Win32.Build.0 = Debug|Win32
		{94CEBE1C-21AC-4D34-9003-0332B2D6AD9E}.Release|Win32.ActiveCfg = Release|Win32
		{94CEBE1C-21AC-4D34-9003-0332B2D6AD9E}.Release|Win32.Build.0 = Release|Win32
		{94BF6CAB-42C4-4E77-86E8-4096798F4CCC}.Debug|Win32.ActiveCfg = Debug|Win32
		{94BF6CAB-42C4-4E77-86E8-4096798F4CCC}.Debug|Win32.Build.0 = Debug|Win32
		{94BF6CAB-42C4-4E77-86E8-4096798F4CCC}.Release|Win32.ActiveCfg = Release|Win32
		{94BF6CAB-42C4-4E77-86E8-4096798F4CCC}.Release|Win32.Build.0 = Release|Win32
		{FC4758C5-393C-43C8-9DE8-02711D61BAA0}.Debug|Win32.ActiveCfg = Debug|Win32
		{FC4758C5-393C-43C8-9DE8-02711D61BAA0}.Debug|Win32.Build.0 = Debug|Win32
		{FC4758C5-393C-43C8-9DE8-02711D61BAA0}.Release|Win32.ActiveCfg = Release|Win32
		{FC4758C5-393C-43C8-9DE8-02711D61BAA0}.Release|Win32.Build.0 = Release|Win32
	EndGlobalSection
	GlobalSection(SolutionProperties) = preSolution
		HideSolutionNode = FALSE
	EndGlobalSection
EndGlobal
