Microsoft Visual Studio Solution File, Format Version 10.00
# Visual Studio 2008
Project("{8BC9CEB8-8B4A-11D0-8D11-00A0C91BC942}") = "ListCtrlDemo", "ListCtrlDemo.vcproj", "{CC6E07B2-A487-4C9F-BF23-048395C56E0D}"
EndProject
Global
	GlobalSection(SolutionConfigurationPlatforms) = preSolution
		Debug|Win32 = Debug|Win32
		Release|Win32 = Release|Win32
	EndGlobalSection
	GlobalSection(ProjectConfigurationPlatforms) = postSolution
		{CC6E07B2-A487-4C9F-BF23-048395C56E0D}.Debug|Win32.ActiveCfg = Debug|Win32
		{CC6E07B2-A487-4C9F-BF23-048395C56E0D}.Debug|Win32.Build.0 = Debug|Win32
		{CC6E07B2-A487-4C9F-BF23-048395C56E0D}.Release|Win32.ActiveCfg = Release|Win32
		{CC6E07B2-A487-4C9F-BF23-048395C56E0D}.Release|Win32.Build.0 = Release|Win32
	EndGlobalSection
	GlobalSection(SolutionProperties) = preSolution
		HideSolutionNode = FALSE
	EndGlobalSection
EndGlobal
