
Microsoft Visual Studio Solution File, Format Version 10.00
# Visual Studio 2008
Project("{8BC9CEB8-8B4A-11D0-8D11-00A0C91BC942}") = "test_ComboBox", "test_ComboBox\test_ComboBox.vcproj", "{A4C24C33-5883-4A3F-A650-115B84E8537D}"
EndProject
Global
	GlobalSection(SolutionConfigurationPlatforms) = preSolution
		Debug|Win32 = Debug|Win32
		Release|Win32 = Release|Win32
	EndGlobalSection
	GlobalSection(ProjectConfigurationPlatforms) = postSolution
		{A4C24C33-5883-4A3F-A650-115B84E8537D}.Debug|Win32.ActiveCfg = Debug|Win32
		{A4C24C33-5883-4A3F-A650-115B84E8537D}.Debug|Win32.Build.0 = Debug|Win32
		{A4C24C33-5883-4A3F-A650-115B84E8537D}.Release|Win32.ActiveCfg = Release|Win32
		{A4C24C33-5883-4A3F-A650-115B84E8537D}.Release|Win32.Build.0 = Release|Win32
	EndGlobalSection
	GlobalSection(SolutionProperties) = preSolution
		HideSolutionNode = FALSE
	EndGlobalSection
EndGlobal
