Microsoft Visual Studio Solution File, Format Version 8.00
Project("{8BC9CEB8-8B4A-11D0-8D11-00A0C91BC942}") = "ArtFrame", "ArtFrame\ArtFrame.vcproj", "{8773B383-FA0C-4092-84DC-0CA487B7AC21}"
	ProjectSection(ProjectDependencies) = postProject
	EndProjectSection
EndProject
Project("{8BC9CEB8-8B4A-11D0-8D11-00A0C91BC942}") = "ArtFramePS", "ArtFrame\ArtFramePS.vcproj", "{290A274B-5DEC-439A-B9AB-9A3C71A4D171}"
	ProjectSection(ProjectDependencies) = postProject
		{8773B383-FA0C-4092-84DC-0CA487B7AC21} = {8773B383-FA0C-4092-84DC-0CA487B7AC21}
	EndProjectSection
EndProject
Project("{8BC9CEB8-8B4A-11D0-8D11-00A0C91BC942}") = "WTL_Test_ArtFrame", "WTL_Test_ArtFrame\WTL_Test_ArtFrame.vcproj", "{5D098359-BAE4-499D-BDA0-BF7DA405B66E}"
	ProjectSection(ProjectDependencies) = postProject
	EndProjectSection
EndProject
Project("{8BC9CEB8-8B4A-11D0-8D11-00A0C91BC942}") = "MFC_Test_ArtFrame", "MFC_Test_ArtFrame\MFC_Test_ArtFrame.vcproj", "{A2F77AF4-BFD3-4754-9D03-B7B41DB06657}"
	ProjectSection(ProjectDependencies) = postProject
	EndProjectSection
EndProject
Global
	GlobalSection(SolutionConfiguration) = preSolution
		Debug = Debug
		Release = Release
	EndGlobalSection
	GlobalSection(ProjectConfiguration) = postSolution
		{8773B383-FA0C-4092-84DC-0CA487B7AC21}.Debug.ActiveCfg = Debug|Win32
		{8773B383-FA0C-4092-84DC-0CA487B7AC21}.Debug.Build.0 = Debug|Win32
		{8773B383-FA0C-4092-84DC-0CA487B7AC21}.Release.ActiveCfg = Release|Win32
		{8773B383-FA0C-4092-84DC-0CA487B7AC21}.Release.Build.0 = Release|Win32
		{290A274B-5DEC-439A-B9AB-9A3C71A4D171}.Debug.ActiveCfg = Debug|Win32
		{290A274B-5DEC-439A-B9AB-9A3C71A4D171}.Debug.Build.0 = Debug|Win32
		{290A274B-5DEC-439A-B9AB-9A3C71A4D171}.Release.ActiveCfg = Release|Win32
		{290A274B-5DEC-439A-B9AB-9A3C71A4D171}.Release.Build.0 = Release|Win32
		{5D098359-BAE4-499D-BDA0-BF7DA405B66E}.Debug.ActiveCfg = Debug|Win32
		{5D098359-BAE4-499D-BDA0-BF7DA405B66E}.Debug.Build.0 = Debug|Win32
		{5D098359-BAE4-499D-BDA0-BF7DA405B66E}.Release.ActiveCfg = Release|Win32
		{5D098359-BAE4-499D-BDA0-BF7DA405B66E}.Release.Build.0 = Release|Win32
		{A2F77AF4-BFD3-4754-9D03-B7B41DB06657}.Debug.ActiveCfg = Debug|Win32
		{A2F77AF4-BFD3-4754-9D03-B7B41DB06657}.Debug.Build.0 = Debug|Win32
		{A2F77AF4-BFD3-4754-9D03-B7B41DB06657}.Release.ActiveCfg = Release|Win32
		{A2F77AF4-BFD3-4754-9D03-B7B41DB06657}.Release.Build.0 = Release|Win32
	EndGlobalSection
	GlobalSection(ExtensibilityGlobals) = postSolution
	EndGlobalSection
	GlobalSection(ExtensibilityAddIns) = postSolution
	EndGlobalSection
	GlobalSection(SolutionConfigurationPlatforms) = preSolution
		Debug|Win32 = Debug|Win32
		Release|Win32 = Release|Win32
		Unicode Debug|Win32 = Unicode Debug|Win32
		Unicode Release|Win32 = Unicode Release|Win32
	EndGlobalSection
	GlobalSection(ProjectConfigurationPlatforms) = postSolution
		{8773B383-FA0C-4092-84DC-0CA487B7AC21}.Debug|Win32.ActiveCfg = Debug|Win32
		{8773B383-FA0C-4092-84DC-0CA487B7AC21}.Debug|Win32.Build.0 = Debug|Win32
		{8773B383-FA0C-4092-84DC-0CA487B7AC21}.Release|Win32.ActiveCfg = Release|Win32
		{8773B383-FA0C-4092-84DC-0CA487B7AC21}.Release|Win32.Build.0 = Release|Win32
		{8773B383-FA0C-4092-84DC-0CA487B7AC21}.Unicode Debug|Win32.ActiveCfg = Debug|Win32
		{8773B383-FA0C-4092-84DC-0CA487B7AC21}.Unicode Debug|Win32.Build.0 = Debug|Win32
		{8773B383-FA0C-4092-84DC-0CA487B7AC21}.Unicode Release|Win32.ActiveCfg = Release|Win32
		{8773B383-FA0C-4092-84DC-0CA487B7AC21}.Unicode Release|Win32.Build.0 = Release|Win32
		{290A274B-5DEC-439A-B9AB-9A3C71A4D171}.Debug|Win32.ActiveCfg = Debug|Win32
		{290A274B-5DEC-439A-B9AB-9A3C71A4D171}.Release|Win32.ActiveCfg = Release|Win32
		{290A274B-5DEC-439A-B9AB-9A3C71A4D171}.Unicode Debug|Win32.ActiveCfg = Debug|Win32
		{290A274B-5DEC-439A-B9AB-9A3C71A4D171}.Unicode Debug|Win32.Build.0 = Debug|Win32
		{290A274B-5DEC-439A-B9AB-9A3C71A4D171}.Unicode Release|Win32.ActiveCfg = Release|Win32
		{290A274B-5DEC-439A-B9AB-9A3C71A4D171}.Unicode Release|Win32.Build.0 = Release|Win32
		{1445CE04-9C95-436A-A11C-834EB49D2B93}.Debug|Win32.ActiveCfg = Debug|Win32
		{1445CE04-9C95-436A-A11C-834EB49D2B93}.Debug|Win32.Build.0 = Debug|Win32
		{1445CE04-9C95-436A-A11C-834EB49D2B93}.Release|Win32.ActiveCfg = Release|Win32
		{1445CE04-9C95-436A-A11C-834EB49D2B93}.Release|Win32.Build.0 = Release|Win32
		{1445CE04-9C95-436A-A11C-834EB49D2B93}.Unicode Debug|Win32.ActiveCfg = Debug|Win32
		{1445CE04-9C95-436A-A11C-834EB49D2B93}.Unicode Debug|Win32.Build.0 = Debug|Win32
		{1445CE04-9C95-436A-A11C-834EB49D2B93}.Unicode Release|Win32.ActiveCfg = Release|Win32
		{1445CE04-9C95-436A-A11C-834EB49D2B93}.Unicode Release|Win32.Build.0 = Release|Win32
		{5FCCB26D-7576-4E11-BCB9-E10BDFDED8EA}.Debug|Win32.ActiveCfg = Debug|Win32
		{5FCCB26D-7576-4E11-BCB9-E10BDFDED8EA}.Debug|Win32.Build.0 = Debug|Win32
		{5FCCB26D-7576-4E11-BCB9-E10BDFDED8EA}.Release|Win32.ActiveCfg = Release|Win32
		{5FCCB26D-7576-4E11-BCB9-E10BDFDED8EA}.Release|Win32.Build.0 = Release|Win32
		{5FCCB26D-7576-4E11-BCB9-E10BDFDED8EA}.Unicode Debug|Win32.ActiveCfg = Unicode Debug|Win32
		{5FCCB26D-7576-4E11-BCB9-E10BDFDED8EA}.Unicode Debug|Win32.Build.0 = Unicode Debug|Win32
		{5FCCB26D-7576-4E11-BCB9-E10BDFDED8EA}.Unicode Release|Win32.ActiveCfg = Unicode Release|Win32
		{5FCCB26D-7576-4E11-BCB9-E10BDFDED8EA}.Unicode Release|Win32.Build.0 = Unicode Release|Win32
		{5D098359-BAE4-499D-BDA0-BF7DA405B66E}.Debug|Win32.ActiveCfg = Debug|Win32
		{5D098359-BAE4-499D-BDA0-BF7DA405B66E}.Debug|Win32.Build.0 = Debug|Win32
		{5D098359-BAE4-499D-BDA0-BF7DA405B66E}.Release|Win32.ActiveCfg = Release|Win32
		{5D098359-BAE4-499D-BDA0-BF7DA405B66E}.Release|Win32.Build.0 = Release|Win32
		{5D098359-BAE4-499D-BDA0-BF7DA405B66E}.Unicode Debug|Win32.ActiveCfg = Debug|Win32
		{5D098359-BAE4-499D-BDA0-BF7DA405B66E}.Unicode Debug|Win32.Build.0 = Debug|Win32
		{5D098359-BAE4-499D-BDA0-BF7DA405B66E}.Unicode Release|Win32.ActiveCfg = Release|Win32
		{5D098359-BAE4-499D-BDA0-BF7DA405B66E}.Unicode Release|Win32.Build.0 = Release|Win32
	EndGlobalSection
	GlobalSection(SolutionProperties) = preSolution
		HideSolutionNode = FALSE
	EndGlobalSection
EndGlobal
