Microsoft Visual Studio Solution File, Format Version 8.00
Project("{8BC9CEB8-8B4A-11D0-8D11-00A0C91BC942}") = "COMRegister", "COMRegister.vcproj", "{A64E4166-5261-4BEA-8921-61AD6871DA47}"
	ProjectSection(ProjectDependencies) = postProject
	EndProjectSection
EndProject
Global
	GlobalSection(SolutionConfiguration) = preSolution
		Debug = Debug
		Release MinDependency = Release MinDependency
		Release MinSize = Release MinSize
		Unicode Debug = Unicode Debug
		Unicode Release MinDependency = Unicode Release MinDependency
		Unicode Release MinSize = Unicode Release MinSize
	EndGlobalSection
	GlobalSection(ProjectConfiguration) = postSolution
		{A64E4166-5261-4BEA-8921-61AD6871DA47}.Debug.ActiveCfg = Debug|Win32
		{A64E4166-5261-4BEA-8921-61AD6871DA47}.Debug.Build.0 = Debug|Win32
		{A64E4166-5261-4BEA-8921-61AD6871DA47}.Release MinDependency.ActiveCfg = Release MinDependency|Win32
		{A64E4166-5261-4BEA-8921-61AD6871DA47}.Release MinDependency.Build.0 = Release MinDependency|Win32
		{A64E4166-5261-4BEA-8921-61AD6871DA47}.Release MinSize.ActiveCfg = Release MinSize|Win32
		{A64E4166-5261-4BEA-8921-61AD6871DA47}.Release MinSize.Build.0 = Release MinSize|Win32
		{A64E4166-5261-4BEA-8921-61AD6871DA47}.Unicode Debug.ActiveCfg = Unicode Debug|Win32
		{A64E4166-5261-4BEA-8921-61AD6871DA47}.Unicode Debug.Build.0 = Unicode Debug|Win32
		{A64E4166-5261-4BEA-8921-61AD6871DA47}.Unicode Release MinDependency.ActiveCfg = Unicode Release MinDependency|Win32
		{A64E4166-5261-4BEA-8921-61AD6871DA47}.Unicode Release MinDependency.Build.0 = Unicode Release MinDependency|Win32
		{A64E4166-5261-4BEA-8921-61AD6871DA47}.Unicode Release MinSize.ActiveCfg = Unicode Release MinSize|Win32
		{A64E4166-5261-4BEA-8921-61AD6871DA47}.Unicode Release MinSize.Build.0 = Unicode Release MinSize|Win32
	EndGlobalSection
	GlobalSection(ExtensibilityGlobals) = postSolution
	EndGlobalSection
	GlobalSection(ExtensibilityAddIns) = postSolution
	EndGlobalSection
EndGlobal
