
Microsoft Visual Studio Solution File, Format Version 10.00
# Visual Studio 2008
Project("{8BC9CEB8-8B4A-11D0-8D11-00A0C91BC942}") = "testprogram", "test\test.vcproj", "{C89598DC-0A21-4393-A271-9E7F3D41DB96}"
EndProject
Project("{8BC9CEB8-8B4A-11D0-8D11-00A0C91BC942}") = "nsp_sdk", "nsp_sdk\nsp_sdk.vcproj", "{EF50B1CF-7CED-4D4A-BE82-D4B03BEC6AE1}"
EndProject
Project("{8BC9CEB8-8B4A-11D0-8D11-00A0C91BC942}") = "libiconv", "libiconv\libiconv.vcproj", "{0004756B-9393-463D-9656-D9BF7234D5BF}"
EndProject
Project("{8BC9CEB8-8B4A-11D0-8D11-00A0C91BC942}") = "curlsrc", "curl-7.23.1\src\vc6curlsrc.vcproj", "{D3592125-ABF4-490F-9E03-855951328DB7}"
EndProject
Project("{8BC9CEB8-8B4A-11D0-8D11-00A0C91BC942}") = "libcurl", "curl-7.23.1\lib\vc6libcurl.vcproj", "{D38D06C0-4647-46CC-B1FB-96A3896A6F26}"
EndProject
Project("{8BC9CEB8-8B4A-11D0-8D11-00A0C91BC942}") = "zlib", "zlib-1.2.3\projects\visualc6\zlib.vcproj", "{8C6D04A9-D555-4333-A109-C0EF50DDC18F}"
EndProject
Global
	GlobalSection(SolutionConfigurationPlatforms) = preSolution
		Debug|Win32 = Debug|Win32
		DLL ASM Debug|Win32 = DLL ASM Debug|Win32
		DLL ASM Release|Win32 = DLL ASM Release|Win32
		DLL Debug|Win32 = DLL Debug|Win32
		DLL Release|Win32 = DLL Release|Win32
		LIB ASM Debug|Win32 = LIB ASM Debug|Win32
		LIB ASM Release|Win32 = LIB ASM Release|Win32
		LIB Debug|Win32 = LIB Debug|Win32
		LIB Release|Win32 = LIB Release|Win32
		Release|Win32 = Release|Win32
		using libcurl DLL Debug|Win32 = using libcurl DLL Debug|Win32
		using libcurl DLL Release|Win32 = using libcurl DLL Release|Win32
		using libcurl LIB Debug|Win32 = using libcurl LIB Debug|Win32
		using libcurl LIB Release|Win32 = using libcurl LIB Release|Win32
	EndGlobalSection
	GlobalSection(ProjectConfigurationPlatforms) = postSolution
		{C89598DC-0A21-4393-A271-9E7F3D41DB96}.Debug|Win32.ActiveCfg = Debug|Win32
		{C89598DC-0A21-4393-A271-9E7F3D41DB96}.Debug|Win32.Build.0 = Debug|Win32
		{C89598DC-0A21-4393-A271-9E7F3D41DB96}.DLL ASM Debug|Win32.ActiveCfg = Debug|Win32
		{C89598DC-0A21-4393-A271-9E7F3D41DB96}.DLL ASM Debug|Win32.Build.0 = Debug|Win32
		{C89598DC-0A21-4393-A271-9E7F3D41DB96}.DLL ASM Release|Win32.ActiveCfg = Release|Win32
		{C89598DC-0A21-4393-A271-9E7F3D41DB96}.DLL ASM Release|Win32.Build.0 = Release|Win32
		{C89598DC-0A21-4393-A271-9E7F3D41DB96}.DLL Debug|Win32.ActiveCfg = Debug|Win32
		{C89598DC-0A21-4393-A271-9E7F3D41DB96}.DLL Debug|Win32.Build.0 = Debug|Win32
		{C89598DC-0A21-4393-A271-9E7F3D41DB96}.DLL Release|Win32.ActiveCfg = Release|Win32
		{C89598DC-0A21-4393-A271-9E7F3D41DB96}.DLL Release|Win32.Build.0 = Release|Win32
		{C89598DC-0A21-4393-A271-9E7F3D41DB96}.LIB ASM Debug|Win32.ActiveCfg = Debug|Win32
		{C89598DC-0A21-4393-A271-9E7F3D41DB96}.LIB ASM Debug|Win32.Build.0 = Debug|Win32
		{C89598DC-0A21-4393-A271-9E7F3D41DB96}.LIB ASM Release|Win32.ActiveCfg = Release|Win32
		{C89598DC-0A21-4393-A271-9E7F3D41DB96}.LIB ASM Release|Win32.Build.0 = Release|Win32
		{C89598DC-0A21-4393-A271-9E7F3D41DB96}.LIB Debug|Win32.ActiveCfg = Debug|Win32
		{C89598DC-0A21-4393-A271-9E7F3D41DB96}.LIB Debug|Win32.Build.0 = Debug|Win32
		{C89598DC-0A21-4393-A271-9E7F3D41DB96}.LIB Release|Win32.ActiveCfg = Release|Win32
		{C89598DC-0A21-4393-A271-9E7F3D41DB96}.LIB Release|Win32.Build.0 = Release|Win32
		{C89598DC-0A21-4393-A271-9E7F3D41DB96}.Release|Win32.ActiveCfg = Release|Win32
		{C89598DC-0A21-4393-A271-9E7F3D41DB96}.Release|Win32.Build.0 = Release|Win32
		{C89598DC-0A21-4393-A271-9E7F3D41DB96}.using libcurl DLL Debug|Win32.ActiveCfg = Debug|Win32
		{C89598DC-0A21-4393-A271-9E7F3D41DB96}.using libcurl DLL Debug|Win32.Build.0 = Debug|Win32
		{C89598DC-0A21-4393-A271-9E7F3D41DB96}.using libcurl DLL Release|Win32.ActiveCfg = Release|Win32
		{C89598DC-0A21-4393-A271-9E7F3D41DB96}.using libcurl DLL Release|Win32.Build.0 = Release|Win32
		{C89598DC-0A21-4393-A271-9E7F3D41DB96}.using libcurl LIB Debug|Win32.ActiveCfg = Debug|Win32
		{C89598DC-0A21-4393-A271-9E7F3D41DB96}.using libcurl LIB Debug|Win32.Build.0 = Debug|Win32
		{C89598DC-0A21-4393-A271-9E7F3D41DB96}.using libcurl LIB Release|Win32.ActiveCfg = Release|Win32
		{C89598DC-0A21-4393-A271-9E7F3D41DB96}.using libcurl LIB Release|Win32.Build.0 = Release|Win32
		{EF50B1CF-7CED-4D4A-BE82-D4B03BEC6AE1}.Debug|Win32.ActiveCfg = Debug|Win32
		{EF50B1CF-7CED-4D4A-BE82-D4B03BEC6AE1}.Debug|Win32.Build.0 = Debug|Win32
		{EF50B1CF-7CED-4D4A-BE82-D4B03BEC6AE1}.DLL ASM Debug|Win32.ActiveCfg = Debug|Win32
		{EF50B1CF-7CED-4D4A-BE82-D4B03BEC6AE1}.DLL ASM Debug|Win32.Build.0 = Debug|Win32
		{EF50B1CF-7CED-4D4A-BE82-D4B03BEC6AE1}.DLL ASM Release|Win32.ActiveCfg = Release|Win32
		{EF50B1CF-7CED-4D4A-BE82-D4B03BEC6AE1}.DLL ASM Release|Win32.Build.0 = Release|Win32
		{EF50B1CF-7CED-4D4A-BE82-D4B03BEC6AE1}.DLL Debug|Win32.ActiveCfg = Debug|Win32
		{EF50B1CF-7CED-4D4A-BE82-D4B03BEC6AE1}.DLL Debug|Win32.Build.0 = Debug|Win32
		{EF50B1CF-7CED-4D4A-BE82-D4B03BEC6AE1}.DLL Release|Win32.ActiveCfg = Release|Win32
		{EF50B1CF-7CED-4D4A-BE82-D4B03BEC6AE1}.DLL Release|Win32.Build.0 = Release|Win32
		{EF50B1CF-7CED-4D4A-BE82-D4B03BEC6AE1}.LIB ASM Debug|Win32.ActiveCfg = Debug|Win32
		{EF50B1CF-7CED-4D4A-BE82-D4B03BEC6AE1}.LIB ASM Debug|Win32.Build.0 = Debug|Win32
		{EF50B1CF-7CED-4D4A-BE82-D4B03BEC6AE1}.LIB ASM Release|Win32.ActiveCfg = Release|Win32
		{EF50B1CF-7CED-4D4A-BE82-D4B03BEC6AE1}.LIB ASM Release|Win32.Build.0 = Release|Win32
		{EF50B1CF-7CED-4D4A-BE82-D4B03BEC6AE1}.LIB Debug|Win32.ActiveCfg = Debug|Win32
		{EF50B1CF-7CED-4D4A-BE82-D4B03BEC6AE1}.LIB Debug|Win32.Build.0 = Debug|Win32
		{EF50B1CF-7CED-4D4A-BE82-D4B03BEC6AE1}.LIB Release|Win32.ActiveCfg = Release|Win32
		{EF50B1CF-7CED-4D4A-BE82-D4B03BEC6AE1}.LIB Release|Win32.Build.0 = Release|Win32
		{EF50B1CF-7CED-4D4A-BE82-D4B03BEC6AE1}.Release|Win32.ActiveCfg = Release|Win32
		{EF50B1CF-7CED-4D4A-BE82-D4B03BEC6AE1}.Release|Win32.Build.0 = Release|Win32
		{EF50B1CF-7CED-4D4A-BE82-D4B03BEC6AE1}.using libcurl DLL Debug|Win32.ActiveCfg = Debug|Win32
		{EF50B1CF-7CED-4D4A-BE82-D4B03BEC6AE1}.using libcurl DLL Debug|Win32.Build.0 = Debug|Win32
		{EF50B1CF-7CED-4D4A-BE82-D4B03BEC6AE1}.using libcurl DLL Release|Win32.ActiveCfg = Release|Win32
		{EF50B1CF-7CED-4D4A-BE82-D4B03BEC6AE1}.using libcurl DLL Release|Win32.Build.0 = Release|Win32
		{EF50B1CF-7CED-4D4A-BE82-D4B03BEC6AE1}.using libcurl LIB Debug|Win32.ActiveCfg = Debug|Win32
		{EF50B1CF-7CED-4D4A-BE82-D4B03BEC6AE1}.using libcurl LIB Debug|Win32.Build.0 = Debug|Win32
		{EF50B1CF-7CED-4D4A-BE82-D4B03BEC6AE1}.using libcurl LIB Release|Win32.ActiveCfg = Release|Win32
		{EF50B1CF-7CED-4D4A-BE82-D4B03BEC6AE1}.using libcurl LIB Release|Win32.Build.0 = Release|Win32
		{0004756B-9393-463D-9656-D9BF7234D5BF}.Debug|Win32.ActiveCfg = Debug|Win32
		{0004756B-9393-463D-9656-D9BF7234D5BF}.Debug|Win32.Build.0 = Debug|Win32
		{0004756B-9393-463D-9656-D9BF7234D5BF}.DLL ASM Debug|Win32.ActiveCfg = Debug|Win32
		{0004756B-9393-463D-9656-D9BF7234D5BF}.DLL ASM Debug|Win32.Build.0 = Debug|Win32
		{0004756B-9393-463D-9656-D9BF7234D5BF}.DLL ASM Release|Win32.ActiveCfg = Release|Win32
		{0004756B-9393-463D-9656-D9BF7234D5BF}.DLL ASM Release|Win32.Build.0 = Release|Win32
		{0004756B-9393-463D-9656-D9BF7234D5BF}.DLL Debug|Win32.ActiveCfg = Debug|Win32
		{0004756B-9393-463D-9656-D9BF7234D5BF}.DLL Debug|Win32.Build.0 = Debug|Win32
		{0004756B-9393-463D-9656-D9BF7234D5BF}.DLL Release|Win32.ActiveCfg = Release|Win32
		{0004756B-9393-463D-9656-D9BF7234D5BF}.DLL Release|Win32.Build.0 = Release|Win32
		{0004756B-9393-463D-9656-D9BF7234D5BF}.LIB ASM Debug|Win32.ActiveCfg = Debug|Win32
		{0004756B-9393-463D-9656-D9BF7234D5BF}.LIB ASM Debug|Win32.Build.0 = Debug|Win32
		{0004756B-9393-463D-9656-D9BF7234D5BF}.LIB ASM Release|Win32.ActiveCfg = Release|Win32
		{0004756B-9393-463D-9656-D9BF7234D5BF}.LIB ASM Release|Win32.Build.0 = Release|Win32
		{0004756B-9393-463D-9656-D9BF7234D5BF}.LIB Debug|Win32.ActiveCfg = Debug|Win32
		{0004756B-9393-463D-9656-D9BF7234D5BF}.LIB Debug|Win32.Build.0 = Debug|Win32
		{0004756B-9393-463D-9656-D9BF7234D5BF}.LIB Release|Win32.ActiveCfg = Release|Win32
		{0004756B-9393-463D-9656-D9BF7234D5BF}.LIB Release|Win32.Build.0 = Release|Win32
		{0004756B-9393-463D-9656-D9BF7234D5BF}.Release|Win32.ActiveCfg = Release|Win32
		{0004756B-9393-463D-9656-D9BF7234D5BF}.Release|Win32.Build.0 = Release|Win32
		{0004756B-9393-463D-9656-D9BF7234D5BF}.using libcurl DLL Debug|Win32.ActiveCfg = Debug|Win32
		{0004756B-9393-463D-9656-D9BF7234D5BF}.using libcurl DLL Debug|Win32.Build.0 = Debug|Win32
		{0004756B-9393-463D-9656-D9BF7234D5BF}.using libcurl DLL Release|Win32.ActiveCfg = Release|Win32
		{0004756B-9393-463D-9656-D9BF7234D5BF}.using libcurl DLL Release|Win32.Build.0 = Release|Win32
		{0004756B-9393-463D-9656-D9BF7234D5BF}.using libcurl LIB Debug|Win32.ActiveCfg = Debug|Win32
		{0004756B-9393-463D-9656-D9BF7234D5BF}.using libcurl LIB Debug|Win32.Build.0 = Debug|Win32
		{0004756B-9393-463D-9656-D9BF7234D5BF}.using libcurl LIB Release|Win32.ActiveCfg = Release|Win32
		{0004756B-9393-463D-9656-D9BF7234D5BF}.using libcurl LIB Release|Win32.Build.0 = Release|Win32
		{D3592125-ABF4-490F-9E03-855951328DB7}.Debug|Win32.ActiveCfg = using libcurl DLL Debug|Win32
		{D3592125-ABF4-490F-9E03-855951328DB7}.Debug|Win32.Build.0 = using libcurl DLL Debug|Win32
		{D3592125-ABF4-490F-9E03-855951328DB7}.DLL ASM Debug|Win32.ActiveCfg = using libcurl DLL Debug|Win32
		{D3592125-ABF4-490F-9E03-855951328DB7}.DLL ASM Debug|Win32.Build.0 = using libcurl DLL Debug|Win32
		{D3592125-ABF4-490F-9E03-855951328DB7}.DLL ASM Release|Win32.ActiveCfg = using libcurl DLL Debug|Win32
		{D3592125-ABF4-490F-9E03-855951328DB7}.DLL ASM Release|Win32.Build.0 = using libcurl DLL Debug|Win32
		{D3592125-ABF4-490F-9E03-855951328DB7}.DLL Debug|Win32.ActiveCfg = using libcurl DLL Debug|Win32
		{D3592125-ABF4-490F-9E03-855951328DB7}.DLL Debug|Win32.Build.0 = using libcurl DLL Debug|Win32
		{D3592125-ABF4-490F-9E03-855951328DB7}.DLL Release|Win32.ActiveCfg = using libcurl DLL Release|Win32
		{D3592125-ABF4-490F-9E03-855951328DB7}.DLL Release|Win32.Build.0 = using libcurl DLL Release|Win32
		{D3592125-ABF4-490F-9E03-855951328DB7}.LIB ASM Debug|Win32.ActiveCfg = using libcurl DLL Debug|Win32
		{D3592125-ABF4-490F-9E03-855951328DB7}.LIB ASM Debug|Win32.Build.0 = using libcurl DLL Debug|Win32
		{D3592125-ABF4-490F-9E03-855951328DB7}.LIB ASM Release|Win32.ActiveCfg = using libcurl DLL Debug|Win32
		{D3592125-ABF4-490F-9E03-855951328DB7}.LIB ASM Release|Win32.Build.0 = using libcurl DLL Debug|Win32
		{D3592125-ABF4-490F-9E03-855951328DB7}.LIB Debug|Win32.ActiveCfg = using libcurl LIB Debug|Win32
		{D3592125-ABF4-490F-9E03-855951328DB7}.LIB Debug|Win32.Build.0 = using libcurl LIB Debug|Win32
		{D3592125-ABF4-490F-9E03-855951328DB7}.LIB Release|Win32.ActiveCfg = using libcurl LIB Release|Win32
		{D3592125-ABF4-490F-9E03-855951328DB7}.LIB Release|Win32.Build.0 = using libcurl LIB Release|Win32
		{D3592125-ABF4-490F-9E03-855951328DB7}.Release|Win32.ActiveCfg = using libcurl LIB Release|Win32
		{D3592125-ABF4-490F-9E03-855951328DB7}.Release|Win32.Build.0 = using libcurl LIB Release|Win32
		{D3592125-ABF4-490F-9E03-855951328DB7}.using libcurl DLL Debug|Win32.ActiveCfg = using libcurl DLL Debug|Win32
		{D3592125-ABF4-490F-9E03-855951328DB7}.using libcurl DLL Debug|Win32.Build.0 = using libcurl DLL Debug|Win32
		{D3592125-ABF4-490F-9E03-855951328DB7}.using libcurl DLL Release|Win32.ActiveCfg = using libcurl DLL Release|Win32
		{D3592125-ABF4-490F-9E03-855951328DB7}.using libcurl DLL Release|Win32.Build.0 = using libcurl DLL Release|Win32
		{D3592125-ABF4-490F-9E03-855951328DB7}.using libcurl LIB Debug|Win32.ActiveCfg = using libcurl LIB Debug|Win32
		{D3592125-ABF4-490F-9E03-855951328DB7}.using libcurl LIB Debug|Win32.Build.0 = using libcurl LIB Debug|Win32
		{D3592125-ABF4-490F-9E03-855951328DB7}.using libcurl LIB Release|Win32.ActiveCfg = using libcurl LIB Release|Win32
		{D3592125-ABF4-490F-9E03-855951328DB7}.using libcurl LIB Release|Win32.Build.0 = using libcurl LIB Release|Win32
		{D38D06C0-4647-46CC-B1FB-96A3896A6F26}.Debug|Win32.ActiveCfg = DLL Debug|Win32
		{D38D06C0-4647-46CC-B1FB-96A3896A6F26}.Debug|Win32.Build.0 = DLL Debug|Win32
		{D38D06C0-4647-46CC-B1FB-96A3896A6F26}.DLL ASM Debug|Win32.ActiveCfg = DLL Debug|Win32
		{D38D06C0-4647-46CC-B1FB-96A3896A6F26}.DLL ASM Debug|Win32.Build.0 = DLL Debug|Win32
		{D38D06C0-4647-46CC-B1FB-96A3896A6F26}.DLL ASM Release|Win32.ActiveCfg = DLL Debug|Win32
		{D38D06C0-4647-46CC-B1FB-96A3896A6F26}.DLL ASM Release|Win32.Build.0 = DLL Debug|Win32
		{D38D06C0-4647-46CC-B1FB-96A3896A6F26}.DLL Debug|Win32.ActiveCfg = DLL Debug|Win32
		{D38D06C0-4647-46CC-B1FB-96A3896A6F26}.DLL Debug|Win32.Build.0 = DLL Debug|Win32
		{D38D06C0-4647-46CC-B1FB-96A3896A6F26}.DLL Release|Win32.ActiveCfg = DLL Release|Win32
		{D38D06C0-4647-46CC-B1FB-96A3896A6F26}.DLL Release|Win32.Build.0 = DLL Release|Win32
		{D38D06C0-4647-46CC-B1FB-96A3896A6F26}.LIB ASM Debug|Win32.ActiveCfg = LIB Release|Win32
		{D38D06C0-4647-46CC-B1FB-96A3896A6F26}.LIB ASM Debug|Win32.Build.0 = LIB Release|Win32
		{D38D06C0-4647-46CC-B1FB-96A3896A6F26}.LIB ASM Release|Win32.ActiveCfg = LIB Release|Win32
		{D38D06C0-4647-46CC-B1FB-96A3896A6F26}.LIB ASM Release|Win32.Build.0 = LIB Release|Win32
		{D38D06C0-4647-46CC-B1FB-96A3896A6F26}.LIB Debug|Win32.ActiveCfg = LIB Debug|Win32
		{D38D06C0-4647-46CC-B1FB-96A3896A6F26}.LIB Debug|Win32.Build.0 = LIB Debug|Win32
		{D38D06C0-4647-46CC-B1FB-96A3896A6F26}.LIB Release|Win32.ActiveCfg = LIB Release|Win32
		{D38D06C0-4647-46CC-B1FB-96A3896A6F26}.LIB Release|Win32.Build.0 = LIB Release|Win32
		{D38D06C0-4647-46CC-B1FB-96A3896A6F26}.Release|Win32.ActiveCfg = LIB Release|Win32
		{D38D06C0-4647-46CC-B1FB-96A3896A6F26}.Release|Win32.Build.0 = LIB Release|Win32
		{D38D06C0-4647-46CC-B1FB-96A3896A6F26}.using libcurl DLL Debug|Win32.ActiveCfg = DLL Debug|Win32
		{D38D06C0-4647-46CC-B1FB-96A3896A6F26}.using libcurl DLL Debug|Win32.Build.0 = DLL Debug|Win32
		{D38D06C0-4647-46CC-B1FB-96A3896A6F26}.using libcurl DLL Release|Win32.ActiveCfg = DLL Release|Win32
		{D38D06C0-4647-46CC-B1FB-96A3896A6F26}.using libcurl DLL Release|Win32.Build.0 = DLL Release|Win32
		{D38D06C0-4647-46CC-B1FB-96A3896A6F26}.using libcurl LIB Debug|Win32.ActiveCfg = LIB Debug|Win32
		{D38D06C0-4647-46CC-B1FB-96A3896A6F26}.using libcurl LIB Debug|Win32.Build.0 = LIB Debug|Win32
		{D38D06C0-4647-46CC-B1FB-96A3896A6F26}.using libcurl LIB Release|Win32.ActiveCfg = LIB Release|Win32
		{D38D06C0-4647-46CC-B1FB-96A3896A6F26}.using libcurl LIB Release|Win32.Build.0 = LIB Release|Win32
		{8C6D04A9-D555-4333-A109-C0EF50DDC18F}.Debug|Win32.ActiveCfg = DLL Debug|Win32
		{8C6D04A9-D555-4333-A109-C0EF50DDC18F}.Debug|Win32.Build.0 = DLL Debug|Win32
		{8C6D04A9-D555-4333-A109-C0EF50DDC18F}.DLL ASM Debug|Win32.ActiveCfg = DLL ASM Debug|Win32
		{8C6D04A9-D555-4333-A109-C0EF50DDC18F}.DLL ASM Debug|Win32.Build.0 = DLL ASM Debug|Win32
		{8C6D04A9-D555-4333-A109-C0EF50DDC18F}.DLL ASM Release|Win32.ActiveCfg = DLL ASM Release|Win32
		{8C6D04A9-D555-4333-A109-C0EF50DDC18F}.DLL ASM Release|Win32.Build.0 = DLL ASM Release|Win32
		{8C6D04A9-D555-4333-A109-C0EF50DDC18F}.DLL Debug|Win32.ActiveCfg = DLL Debug|Win32
		{8C6D04A9-D555-4333-A109-C0EF50DDC18F}.DLL Debug|Win32.Build.0 = DLL Debug|Win32
		{8C6D04A9-D555-4333-A109-C0EF50DDC18F}.DLL Release|Win32.ActiveCfg = DLL Release|Win32
		{8C6D04A9-D555-4333-A109-C0EF50DDC18F}.DLL Release|Win32.Build.0 = DLL Release|Win32
		{8C6D04A9-D555-4333-A109-C0EF50DDC18F}.LIB ASM Debug|Win32.ActiveCfg = LIB ASM Debug|Win32
		{8C6D04A9-D555-4333-A109-C0EF50DDC18F}.LIB ASM Debug|Win32.Build.0 = LIB ASM Debug|Win32
		{8C6D04A9-D555-4333-A109-C0EF50DDC18F}.LIB ASM Release|Win32.ActiveCfg = LIB ASM Release|Win32
		{8C6D04A9-D555-4333-A109-C0EF50DDC18F}.LIB ASM Release|Win32.Build.0 = LIB ASM Release|Win32
		{8C6D04A9-D555-4333-A109-C0EF50DDC18F}.LIB Debug|Win32.ActiveCfg = LIB Debug|Win32
		{8C6D04A9-D555-4333-A109-C0EF50DDC18F}.LIB Debug|Win32.Build.0 = LIB Debug|Win32
		{8C6D04A9-D555-4333-A109-C0EF50DDC18F}.LIB Release|Win32.ActiveCfg = LIB Release|Win32
		{8C6D04A9-D555-4333-A109-C0EF50DDC18F}.LIB Release|Win32.Build.0 = LIB Release|Win32
		{8C6D04A9-D555-4333-A109-C0EF50DDC18F}.Release|Win32.ActiveCfg = LIB ASM Release|Win32
		{8C6D04A9-D555-4333-A109-C0EF50DDC18F}.Release|Win32.Build.0 = LIB ASM Release|Win32
		{8C6D04A9-D555-4333-A109-C0EF50DDC18F}.using libcurl DLL Debug|Win32.ActiveCfg = DLL Debug|Win32
		{8C6D04A9-D555-4333-A109-C0EF50DDC18F}.using libcurl DLL Debug|Win32.Build.0 = DLL Debug|Win32
		{8C6D04A9-D555-4333-A109-C0EF50DDC18F}.using libcurl DLL Release|Win32.ActiveCfg = DLL Release|Win32
		{8C6D04A9-D555-4333-A109-C0EF50DDC18F}.using libcurl DLL Release|Win32.Build.0 = DLL Release|Win32
		{8C6D04A9-D555-4333-A109-C0EF50DDC18F}.using libcurl LIB Debug|Win32.ActiveCfg = LIB Debug|Win32
		{8C6D04A9-D555-4333-A109-C0EF50DDC18F}.using libcurl LIB Debug|Win32.Build.0 = LIB Debug|Win32
		{8C6D04A9-D555-4333-A109-C0EF50DDC18F}.using libcurl LIB Release|Win32.ActiveCfg = LIB Release|Win32
		{8C6D04A9-D555-4333-A109-C0EF50DDC18F}.using libcurl LIB Release|Win32.Build.0 = LIB Release|Win32
	EndGlobalSection
	GlobalSection(SolutionProperties) = preSolution
		HideSolutionNode = FALSE
	EndGlobalSection
EndGlobal
