Microsoft Visual Studio Solution File, Format Version 8.00
Project("{8BC9CEB8-8B4A-11D0-8D11-00A0C91BC942}") = "TestMenu3", "TestMenu3\TestMenu3.vcproj", "{F304DCA2-EA08-4D17-9183-3CCCAA6F1863}"
	ProjectSection(ProjectDependencies) = postProject
	EndProjectSection
EndProject
Project("{8BC9CEB8-8B4A-11D0-8D11-00A0C91BC942}") = "TestMenu3PS", "TestMenu3\TestMenu3PS.vcproj", "{CBFA001D-A76E-4177-91E2-8BC9A0E38113}"
	ProjectSection(ProjectDependencies) = postProject
		{F304DCA2-EA08-4D17-9183-3CCCAA6F1863} = {F304DCA2-EA08-4D17-9183-3CCCAA6F1863}
	EndProjectSection
EndProject
Global
	GlobalSection(SolutionConfiguration) = preSolution
		Debug = Debug
		Release = Release
	EndGlobalSection
	GlobalSection(ProjectConfiguration) = postSolution
		{F304DCA2-EA08-4D17-9183-3CCCAA6F1863}.Debug.ActiveCfg = Debug|Win32
		{F304DCA2-EA08-4D17-9183-3CCCAA6F1863}.Debug.Build.0 = Debug|Win32
		{F304DCA2-EA08-4D17-9183-3CCCAA6F1863}.Release.ActiveCfg = Release|Win32
		{F304DCA2-EA08-4D17-9183-3CCCAA6F1863}.Release.Build.0 = Release|Win32
		{CBFA001D-A76E-4177-91E2-8BC9A0E38113}.Debug.ActiveCfg = Debug|Win32
		{CBFA001D-A76E-4177-91E2-8BC9A0E38113}.Release.ActiveCfg = Release|Win32
	EndGlobalSection
	GlobalSection(ExtensibilityGlobals) = postSolution
	EndGlobalSection
	GlobalSection(ExtensibilityAddIns) = postSolution
	EndGlobalSection
EndGlobal
