
Microsoft Visual Studio Solution File, Format Version 10.00
# Visual Studio 2008
Project("{8BC9CEB8-8B4A-11D0-8D11-00A0C91BC942}") = "__ThreadPool", "__ThreadPool\__ThreadPool.vcproj", "{FF2246E0-07A8-4FD9-B401-FC018077B8D5}"
EndProject
Global
	GlobalSection(SolutionConfigurationPlatforms) = preSolution
		Debug|Win32 = Debug|Win32
		Release|Win32 = Release|Win32
	EndGlobalSection
	GlobalSection(ProjectConfigurationPlatforms) = postSolution
		{FF2246E0-07A8-4FD9-B401-FC018077B8D5}.Debug|Win32.ActiveCfg = Debug|Win32
		{FF2246E0-07A8-4FD9-B401-FC018077B8D5}.Debug|Win32.Build.0 = Debug|Win32
		{FF2246E0-07A8-4FD9-B401-FC018077B8D5}.Release|Win32.ActiveCfg = Release|Win32
		{FF2246E0-07A8-4FD9-B401-FC018077B8D5}.Release|Win32.Build.0 = Release|Win32
	EndGlobalSection
	GlobalSection(SolutionProperties) = preSolution
		HideSolutionNode = FALSE
	EndGlobalSection
EndGlobal
