
Microsoft Visual Studio Solution File, Format Version 10.00
# Visual Studio 2008
Project("{8BC9CEB8-8B4A-11D0-8D11-00A0C91BC942}") = "testtoo", "testtoo\testtoo.vcproj", "{186096CB-9F00-4734-86DA-69F6CF7F564F}"
EndProject
Global
	GlobalSection(SolutionConfigurationPlatforms) = preSolution
		Debug|Win32 = Debug|Win32
		Release|Win32 = Release|Win32
	EndGlobalSection
	GlobalSection(ProjectConfigurationPlatforms) = postSolution
		{186096CB-9F00-4734-86DA-69F6CF7F564F}.Debug|Win32.ActiveCfg = Debug|Win32
		{186096CB-9F00-4734-86DA-69F6CF7F564F}.Debug|Win32.Build.0 = Debug|Win32
		{186096CB-9F00-4734-86DA-69F6CF7F564F}.Release|Win32.ActiveCfg = Release|Win32
		{186096CB-9F00-4734-86DA-69F6CF7F564F}.Release|Win32.Build.0 = Release|Win32
	EndGlobalSection
	GlobalSection(SolutionProperties) = preSolution
		HideSolutionNode = FALSE
	EndGlobalSection
EndGlobal
