
Microsoft Visual Studio Solution File, Format Version 10.00
# Visual Studio 2008
Project("{8BC9CEB8-8B4A-11D0-8D11-00A0C91BC942}") = "libiconv", "libiconv\libiconv.vcproj", "{0004756B-9393-463D-9656-D9BF7234D5BF}"
EndProject
Project("{8BC9CEB8-8B4A-11D0-8D11-00A0C91BC942}") = "test_libiconv", "test_libiconv\test_libiconv.vcproj", "{DC6C67E3-0B75-48FE-AC38-39499F7370B2}"
EndProject
Global
	GlobalSection(SolutionConfigurationPlatforms) = preSolution
		Debug|Win32 = Debug|Win32
		Release|Win32 = Release|Win32
	EndGlobalSection
	GlobalSection(ProjectConfigurationPlatforms) = postSolution
		{0004756B-9393-463D-9656-D9BF7234D5BF}.Debug|Win32.ActiveCfg = Debug|Win32
		{0004756B-9393-463D-9656-D9BF7234D5BF}.Debug|Win32.Build.0 = Debug|Win32
		{0004756B-9393-463D-9656-D9BF7234D5BF}.Release|Win32.ActiveCfg = Release|Win32
		{0004756B-9393-463D-9656-D9BF7234D5BF}.Release|Win32.Build.0 = Release|Win32
		{DC6C67E3-0B75-48FE-AC38-39499F7370B2}.Debug|Win32.ActiveCfg = Debug|Win32
		{DC6C67E3-0B75-48FE-AC38-39499F7370B2}.Debug|Win32.Build.0 = Debug|Win32
		{DC6C67E3-0B75-48FE-AC38-39499F7370B2}.Release|Win32.ActiveCfg = Release|Win32
		{DC6C67E3-0B75-48FE-AC38-39499F7370B2}.Release|Win32.Build.0 = Release|Win32
	EndGlobalSection
	GlobalSection(SolutionProperties) = preSolution
		HideSolutionNode = FALSE
	EndGlobalSection
EndGlobal
