
Microsoft Visual Studio Solution File, Format Version 10.00
# Visual Studio 2008
Project("{8BC9CEB8-8B4A-11D0-8D11-00A0C91BC942}") = "testpipe", "testpipe.vcproj", "{699640F6-EC13-43B0-A986-7B036725F3C4}"
EndProject
Global
	GlobalSection(SolutionConfigurationPlatforms) = preSolution
		Debug|Win32 = Debug|Win32
		Release|Win32 = Release|Win32
		Unicode Debug|Win32 = Unicode Debug|Win32
		Unicode Release|Win32 = Unicode Release|Win32
	EndGlobalSection
	GlobalSection(ProjectConfigurationPlatforms) = postSolution
		{699640F6-EC13-43B0-A986-7B036725F3C4}.Debug|Win32.ActiveCfg = Debug|Win32
		{699640F6-EC13-43B0-A986-7B036725F3C4}.Debug|Win32.Build.0 = Debug|Win32
		{699640F6-EC13-43B0-A986-7B036725F3C4}.Release|Win32.ActiveCfg = Release|Win32
		{699640F6-EC13-43B0-A986-7B036725F3C4}.Release|Win32.Build.0 = Release|Win32
		{699640F6-EC13-43B0-A986-7B036725F3C4}.Unicode Debug|Win32.ActiveCfg = Unicode Debug|Win32
		{699640F6-EC13-43B0-A986-7B036725F3C4}.Unicode Debug|Win32.Build.0 = Unicode Debug|Win32
		{699640F6-EC13-43B0-A986-7B036725F3C4}.Unicode Release|Win32.ActiveCfg = Unicode Release|Win32
		{699640F6-EC13-43B0-A986-7B036725F3C4}.Unicode Release|Win32.Build.0 = Unicode Release|Win32
	EndGlobalSection
	GlobalSection(SolutionProperties) = preSolution
		HideSolutionNode = FALSE
	EndGlobalSection
EndGlobal
