
Microsoft Visual Studio Solution File, Format Version 10.00
# Visual Studio 2008
Project("{8BC9CEB8-8B4A-11D0-8D11-00A0C91BC942}") = "DNSQuery", "DNSQuery.vcproj", "{6AD760D1-6B5E-416C-AF22-3306F5A83151}"
EndProject
Global
	GlobalSection(SolutionConfigurationPlatforms) = preSolution
		Debug|Win32 = Debug|Win32
		Release|Win32 = Release|Win32
	EndGlobalSection
	GlobalSection(ProjectConfigurationPlatforms) = postSolution
		{6AD760D1-6B5E-416C-AF22-3306F5A83151}.Debug|Win32.ActiveCfg = Debug|Win32
		{6AD760D1-6B5E-416C-AF22-3306F5A83151}.Debug|Win32.Build.0 = Debug|Win32
		{6AD760D1-6B5E-416C-AF22-3306F5A83151}.Release|Win32.ActiveCfg = Release|Win32
		{6AD760D1-6B5E-416C-AF22-3306F5A83151}.Release|Win32.Build.0 = Release|Win32
	EndGlobalSection
	GlobalSection(SolutionProperties) = preSolution
		HideSolutionNode = FALSE
	EndGlobalSection
EndGlobal
