
Microsoft Visual Studio Solution File, Format Version 10.00
# Visual Studio 2008
Project("{8BC9CEB8-8B4A-11D0-8D11-00A0C91BC942}") = "namepipe_client", "namepipe_client.vcproj", "{82495F8E-BAB6-4B30-9618-35184F5A0DB3}"
EndProject
Global
	GlobalSection(SolutionConfigurationPlatforms) = preSolution
		Debug|Win32 = Debug|Win32
		Release|Win32 = Release|Win32
	EndGlobalSection
	GlobalSection(ProjectConfigurationPlatforms) = postSolution
		{82495F8E-BAB6-4B30-9618-35184F5A0DB3}.Debug|Win32.ActiveCfg = Debug|Win32
		{82495F8E-BAB6-4B30-9618-35184F5A0DB3}.Debug|Win32.Build.0 = Debug|Win32
		{82495F8E-BAB6-4B30-9618-35184F5A0DB3}.Release|Win32.ActiveCfg = Release|Win32
		{82495F8E-BAB6-4B30-9618-35184F5A0DB3}.Release|Win32.Build.0 = Release|Win32
	EndGlobalSection
	GlobalSection(SolutionProperties) = preSolution
		HideSolutionNode = FALSE
	EndGlobalSection
EndGlobal
