Microsoft Visual Studio Solution File, Format Version 10.00
# Visual Studio 2008
Project("{8BC9CEB8-8B4A-11D0-8D11-00A0C91BC942}") = "dll1", "dll1\dll1.vcproj", "{6DEED6DD-9849-451B-BCF0-9DBB77B2C53E}"
EndProject
Project("{8BC9CEB8-8B4A-11D0-8D11-00A0C91BC942}") = "test", "test\test.vcproj", "{B479CE18-35C5-4B26-BBFA-D6F844331115}"
EndProject
Global
	GlobalSection(SolutionConfigurationPlatforms) = preSolution
		Debug|Win32 = Debug|Win32
		Release|Win32 = Release|Win32
	EndGlobalSection
	GlobalSection(ProjectConfigurationPlatforms) = postSolution
		{6DEED6DD-9849-451B-BCF0-9DBB77B2C53E}.Debug|Win32.ActiveCfg = Debug|Win32
		{6DEED6DD-9849-451B-BCF0-9DBB77B2C53E}.Debug|Win32.Build.0 = Debug|Win32
		{6DEED6DD-9849-451B-BCF0-9DBB77B2C53E}.Release|Win32.ActiveCfg = Release|Win32
		{6DEED6DD-9849-451B-BCF0-9DBB77B2C53E}.Release|Win32.Build.0 = Release|Win32
		{B479CE18-35C5-4B26-BBFA-D6F844331115}.Debug|Win32.ActiveCfg = Debug|Win32
		{B479CE18-35C5-4B26-BBFA-D6F844331115}.Debug|Win32.Build.0 = Debug|Win32
		{B479CE18-35C5-4B26-BBFA-D6F844331115}.Release|Win32.ActiveCfg = Release|Win32
		{B479CE18-35C5-4B26-BBFA-D6F844331115}.Release|Win32.Build.0 = Release|Win32
	EndGlobalSection
	GlobalSection(SolutionProperties) = preSolution
		HideSolutionNode = FALSE
	EndGlobalSection
EndGlobal
