
Microsoft Visual Studio Solution File, Format Version 10.00
# Visual Studio 2008
Project("{8BC9CEB8-8B4A-11D0-8D11-00A0C91BC942}") = "test_client", "test_client\test_client.vcproj", "{C89598DC-0A21-4393-A271-9E7F3D41DB96}"
EndProject
Project("{8BC9CEB8-8B4A-11D0-8D11-00A0C91BC942}") = "test_server", "test_server\test_server.vcproj", "{3DF8A825-F357-4DEC-84AA-BDC1EEA4B2FD}"
EndProject
Project("{8BC9CEB8-8B4A-11D0-8D11-00A0C91BC942}") = "test_communication", "test_communication\test_communication.vcproj", "{07A5E5E0-00D1-40EF-B8FD-639F8BAA04C0}"
EndProject
Global
	GlobalSection(SolutionConfigurationPlatforms) = preSolution
		Debug|Win32 = Debug|Win32
		Release|Win32 = Release|Win32
	EndGlobalSection
	GlobalSection(ProjectConfigurationPlatforms) = postSolution
		{C89598DC-0A21-4393-A271-9E7F3D41DB96}.Debug|Win32.ActiveCfg = Debug|Win32
		{C89598DC-0A21-4393-A271-9E7F3D41DB96}.Debug|Win32.Build.0 = Debug|Win32
		{C89598DC-0A21-4393-A271-9E7F3D41DB96}.Release|Win32.ActiveCfg = Release|Win32
		{C89598DC-0A21-4393-A271-9E7F3D41DB96}.Release|Win32.Build.0 = Release|Win32
		{3DF8A825-F357-4DEC-84AA-BDC1EEA4B2FD}.Debug|Win32.ActiveCfg = Debug|Win32
		{3DF8A825-F357-4DEC-84AA-BDC1EEA4B2FD}.Debug|Win32.Build.0 = Debug|Win32
		{3DF8A825-F357-4DEC-84AA-BDC1EEA4B2FD}.Release|Win32.ActiveCfg = Release|Win32
		{3DF8A825-F357-4DEC-84AA-BDC1EEA4B2FD}.Release|Win32.Build.0 = Release|Win32
		{07A5E5E0-00D1-40EF-B8FD-639F8BAA04C0}.Debug|Win32.ActiveCfg = Debug|Win32
		{07A5E5E0-00D1-40EF-B8FD-639F8BAA04C0}.Debug|Win32.Build.0 = Debug|Win32
		{07A5E5E0-00D1-40EF-B8FD-639F8BAA04C0}.Release|Win32.ActiveCfg = Release|Win32
		{07A5E5E0-00D1-40EF-B8FD-639F8BAA04C0}.Release|Win32.Build.0 = Release|Win32
	EndGlobalSection
	GlobalSection(SolutionProperties) = preSolution
		HideSolutionNode = FALSE
	EndGlobalSection
EndGlobal
