
Microsoft Visual Studio Solution File, Format Version 10.00
# Visual Studio 2008
Project("{8BC9CEB8-8B4A-11D0-8D11-00A0C91BC942}") = "ScanPort", "ScanPort.vcproj", "{8F197A6B-4D7A-469E-82C8-59B9AF3B88B4}"
EndProject
Global
	GlobalSection(SolutionConfigurationPlatforms) = preSolution
		Debug|Win32 = Debug|Win32
		Release|Win32 = Release|Win32
	EndGlobalSection
	GlobalSection(ProjectConfigurationPlatforms) = postSolution
		{8F197A6B-4D7A-469E-82C8-59B9AF3B88B4}.Debug|Win32.ActiveCfg = Debug|Win32
		{8F197A6B-4D7A-469E-82C8-59B9AF3B88B4}.Debug|Win32.Build.0 = Debug|Win32
		{8F197A6B-4D7A-469E-82C8-59B9AF3B88B4}.Release|Win32.ActiveCfg = Release|Win32
		{8F197A6B-4D7A-469E-82C8-59B9AF3B88B4}.Release|Win32.Build.0 = Release|Win32
	EndGlobalSection
	GlobalSection(SolutionProperties) = preSolution
		HideSolutionNode = FALSE
	EndGlobalSection
EndGlobal
