
Microsoft Visual Studio Solution File, Format Version 10.00
# Visual Studio 2008
Project("{8BC9CEB8-8B4A-11D0-8D11-00A0C91BC942}") = "Censor", "Censor\Censor.vcproj", "{2E8A5FFB-A2ED-440B-AA23-9D1E7EF893F1}"
EndProject
Project("{8BC9CEB8-8B4A-11D0-8D11-00A0C91BC942}") = "SkinMgr", "SkinMgr\SkinMgr.vcproj", "{C0FC5038-5E14-4680-A32A-0D9AEEB4AC21}"
EndProject
Global
	GlobalSection(SolutionConfigurationPlatforms) = preSolution
		Debug|Win32 = Debug|Win32
		Release|Win32 = Release|Win32
	EndGlobalSection
	GlobalSection(ProjectConfigurationPlatforms) = postSolution
		{2E8A5FFB-A2ED-440B-AA23-9D1E7EF893F1}.Debug|Win32.ActiveCfg = Debug|Win32
		{2E8A5FFB-A2ED-440B-AA23-9D1E7EF893F1}.Debug|Win32.Build.0 = Debug|Win32
		{2E8A5FFB-A2ED-440B-AA23-9D1E7EF893F1}.Release|Win32.ActiveCfg = Release|Win32
		{2E8A5FFB-A2ED-440B-AA23-9D1E7EF893F1}.Release|Win32.Build.0 = Release|Win32
		{C0FC5038-5E14-4680-A32A-0D9AEEB4AC21}.Debug|Win32.ActiveCfg = Debug|Win32
		{C0FC5038-5E14-4680-A32A-0D9AEEB4AC21}.Debug|Win32.Build.0 = Debug|Win32
		{C0FC5038-5E14-4680-A32A-0D9AEEB4AC21}.Release|Win32.ActiveCfg = Release|Win32
		{C0FC5038-5E14-4680-A32A-0D9AEEB4AC21}.Release|Win32.Build.0 = Release|Win32
	EndGlobalSection
	GlobalSection(SolutionProperties) = preSolution
		HideSolutionNode = FALSE
	EndGlobalSection
EndGlobal
