Microsoft Visual Studio Solution File, Format Version 10.00
# Visual Studio 2008
Project("{8BC9CEB8-8B4A-11D0-8D11-00A0C91BC942}") = "MyDll", "MyDll\MyDll.vcproj", "{2A8D3F84-BE7E-4DDB-B18B-6862137720FD}"
EndProject
Project("{8BC9CEB8-8B4A-11D0-8D11-00A0C91BC942}") = "test", "test\test.vcproj", "{86C6DFA2-B8F4-488C-9112-354E25352555}"
	ProjectSection(ProjectDependencies) = postProject
		{2A8D3F84-BE7E-4DDB-B18B-6862137720FD} = {2A8D3F84-BE7E-4DDB-B18B-6862137720FD}
	EndProjectSection
EndProject
Global
	GlobalSection(SolutionConfigurationPlatforms) = preSolution
		Debug|Win32 = Debug|Win32
		Release|Win32 = Release|Win32
	EndGlobalSection
	GlobalSection(ProjectConfigurationPlatforms) = postSolution
		{2A8D3F84-BE7E-4DDB-B18B-6862137720FD}.Debug|Win32.ActiveCfg = Debug|Win32
		{2A8D3F84-BE7E-4DDB-B18B-6862137720FD}.Debug|Win32.Build.0 = Debug|Win32
		{2A8D3F84-BE7E-4DDB-B18B-6862137720FD}.Release|Win32.ActiveCfg = Release|Win32
		{2A8D3F84-BE7E-4DDB-B18B-6862137720FD}.Release|Win32.Build.0 = Release|Win32
		{86C6DFA2-B8F4-488C-9112-354E25352555}.Debug|Win32.ActiveCfg = Debug|Win32
		{86C6DFA2-B8F4-488C-9112-354E25352555}.Debug|Win32.Build.0 = Debug|Win32
		{86C6DFA2-B8F4-488C-9112-354E25352555}.Release|Win32.ActiveCfg = Release|Win32
		{86C6DFA2-B8F4-488C-9112-354E25352555}.Release|Win32.Build.0 = Release|Win32
	EndGlobalSection
	GlobalSection(SolutionProperties) = preSolution
		HideSolutionNode = FALSE
	EndGlobalSection
EndGlobal
