
Microsoft Visual Studio Solution File, Format Version 10.00
# Visual Studio 2008
Project("{8BC9CEB8-8B4A-11D0-8D11-00A0C91BC942}") = "CppSQLiteDemo", "CppSQLiteDemo\CppSQLiteDemo.vcproj", "{387F098E-A2D7-44C5-B9E6-153459A50ACF}"
EndProject
Project("{8BC9CEB8-8B4A-11D0-8D11-00A0C91BC942}") = "CppSQLiteDemoExt", "CppSQLiteDemoExt\CppSQLiteDemoExt.vcproj", "{C225C980-DD47-4292-BE6B-0DF4C929AF2C}"
EndProject
Project("{8BC9CEB8-8B4A-11D0-8D11-00A0C91BC942}") = "CppSQLiteDemoMT", "CppSQLiteDemoMT\CppSQLiteDemoMT.vcproj", "{9A92AEAB-B12B-4A7B-B1FC-5F8325C4555E}"
EndProject
Project("{8BC9CEB8-8B4A-11D0-8D11-00A0C91BC942}") = "ManagedDemo", "ManagedDemo\ManagedDemo.vcproj", "{D9610977-8B16-4B7A-89AC-C0D9ED9C0BA9}"
EndProject
Global
	GlobalSection(SolutionConfigurationPlatforms) = preSolution
		Debug|Win32 = Debug|Win32
		Release|Win32 = Release|Win32
	EndGlobalSection
	GlobalSection(ProjectConfigurationPlatforms) = postSolution
		{387F098E-A2D7-44C5-B9E6-153459A50ACF}.Debug|Win32.ActiveCfg = Debug|Win32
		{387F098E-A2D7-44C5-B9E6-153459A50ACF}.Debug|Win32.Build.0 = Debug|Win32
		{387F098E-A2D7-44C5-B9E6-153459A50ACF}.Release|Win32.ActiveCfg = Release|Win32
		{387F098E-A2D7-44C5-B9E6-153459A50ACF}.Release|Win32.Build.0 = Release|Win32
		{C225C980-DD47-4292-BE6B-0DF4C929AF2C}.Debug|Win32.ActiveCfg = Debug|Win32
		{C225C980-DD47-4292-BE6B-0DF4C929AF2C}.Debug|Win32.Build.0 = Debug|Win32
		{C225C980-DD47-4292-BE6B-0DF4C929AF2C}.Release|Win32.ActiveCfg = Release|Win32
		{C225C980-DD47-4292-BE6B-0DF4C929AF2C}.Release|Win32.Build.0 = Release|Win32
		{9A92AEAB-B12B-4A7B-B1FC-5F8325C4555E}.Debug|Win32.ActiveCfg = Debug|Win32
		{9A92AEAB-B12B-4A7B-B1FC-5F8325C4555E}.Debug|Win32.Build.0 = Debug|Win32
		{9A92AEAB-B12B-4A7B-B1FC-5F8325C4555E}.Release|Win32.ActiveCfg = Release|Win32
		{9A92AEAB-B12B-4A7B-B1FC-5F8325C4555E}.Release|Win32.Build.0 = Release|Win32
		{D9610977-8B16-4B7A-89AC-C0D9ED9C0BA9}.Debug|Win32.ActiveCfg = Debug|Win32
		{D9610977-8B16-4B7A-89AC-C0D9ED9C0BA9}.Debug|Win32.Build.0 = Debug|Win32
		{D9610977-8B16-4B7A-89AC-C0D9ED9C0BA9}.Release|Win32.ActiveCfg = Release|Win32
		{D9610977-8B16-4B7A-89AC-C0D9ED9C0BA9}.Release|Win32.Build.0 = Release|Win32
	EndGlobalSection
	GlobalSection(SolutionProperties) = preSolution
		HideSolutionNode = FALSE
	EndGlobalSection
EndGlobal
