
Microsoft Visual Studio Solution File, Format Version 10.00
# Visual Studio 2008
Project("{8BC9CEB8-8B4A-11D0-8D11-00A0C91BC942}") = "SkinnedUI", "SkinnedUI.vcproj", "{95E74789-3F60-48E9-B857-8E27F14B2FF1}"
EndProject
Global
	GlobalSection(SolutionConfigurationPlatforms) = preSolution
		Debug|Win32 = Debug|Win32
		Release|Win32 = Release|Win32
	EndGlobalSection
	GlobalSection(ProjectConfigurationPlatforms) = postSolution
		{95E74789-3F60-48E9-B857-8E27F14B2FF1}.Debug|Win32.ActiveCfg = Debug|Win32
		{95E74789-3F60-48E9-B857-8E27F14B2FF1}.Debug|Win32.Build.0 = Debug|Win32
		{95E74789-3F60-48E9-B857-8E27F14B2FF1}.Release|Win32.ActiveCfg = Release|Win32
		{95E74789-3F60-48E9-B857-8E27F14B2FF1}.Release|Win32.Build.0 = Release|Win32
	EndGlobalSection
	GlobalSection(SolutionProperties) = preSolution
		HideSolutionNode = FALSE
	EndGlobalSection
EndGlobal
