
Microsoft Visual Studio Solution File, Format Version 10.00
# Visual Studio 2008
Project("{8BC9CEB8-8B4A-11D0-8D11-00A0C91BC942}") = "dts", "dts.vcproj", "{B67C30DC-38ED-4A97-9719-83D1A5D9A90C}"
EndProject
Global
	GlobalSection(SolutionConfigurationPlatforms) = preSolution
		Debug|Win32 = Debug|Win32
		Release|Win32 = Release|Win32
	EndGlobalSection
	GlobalSection(ProjectConfigurationPlatforms) = postSolution
		{B67C30DC-38ED-4A97-9719-83D1A5D9A90C}.Debug|Win32.ActiveCfg = Debug|Win32
		{B67C30DC-38ED-4A97-9719-83D1A5D9A90C}.Debug|Win32.Build.0 = Debug|Win32
		{B67C30DC-38ED-4A97-9719-83D1A5D9A90C}.Release|Win32.ActiveCfg = Release|Win32
		{B67C30DC-38ED-4A97-9719-83D1A5D9A90C}.Release|Win32.Build.0 = Release|Win32
	EndGlobalSection
	GlobalSection(SolutionProperties) = preSolution
		HideSolutionNode = FALSE
	EndGlobalSection
EndGlobal
