
Microsoft Visual Studio Solution File, Format Version 10.00
# Visual Studio 2008
Project("{8BC9CEB8-8B4A-11D0-8D11-00A0C91BC942}") = "mdk", "mdk.vcproj", "{2B91F0F2-2FFB-4D8F-9F9C-3EAC4768F320}"
EndProject
Project("{8BC9CEB8-8B4A-11D0-8D11-00A0C91BC942}") = "main", "..\example\main.vcproj", "{3FCDD7F9-862D-4F58-B4BF-69F41E37971C}"
EndProject
Global
	GlobalSection(SolutionConfigurationPlatforms) = preSolution
		Debug|Win32 = Debug|Win32
		Release|Win32 = Release|Win32
	EndGlobalSection
	GlobalSection(ProjectConfigurationPlatforms) = postSolution
		{2B91F0F2-2FFB-4D8F-9F9C-3EAC4768F320}.Debug|Win32.ActiveCfg = Debug|Win32
		{2B91F0F2-2FFB-4D8F-9F9C-3EAC4768F320}.Debug|Win32.Build.0 = Debug|Win32
		{2B91F0F2-2FFB-4D8F-9F9C-3EAC4768F320}.Release|Win32.ActiveCfg = Release|Win32
		{2B91F0F2-2FFB-4D8F-9F9C-3EAC4768F320}.Release|Win32.Build.0 = Release|Win32
		{3FCDD7F9-862D-4F58-B4BF-69F41E37971C}.Debug|Win32.ActiveCfg = Debug|Win32
		{3FCDD7F9-862D-4F58-B4BF-69F41E37971C}.Debug|Win32.Build.0 = Debug|Win32
		{3FCDD7F9-862D-4F58-B4BF-69F41E37971C}.Release|Win32.ActiveCfg = Release|Win32
		{3FCDD7F9-862D-4F58-B4BF-69F41E37971C}.Release|Win32.Build.0 = Release|Win32
	EndGlobalSection
	GlobalSection(SolutionProperties) = preSolution
		HideSolutionNode = FALSE
	EndGlobalSection
EndGlobal
