
Microsoft Visual Studio Solution File, Format Version 10.00
# Visual Studio 2008
Project("{8BC9CEB8-8B4A-11D0-8D11-00A0C91BC942}") = "SecurityChecker", "SecurityChecker\SecurityChecker.vcproj", "{647FD6C5-E555-4EDA-9DFB-55B8B285EBE8}"
EndProject
Global
	GlobalSection(SolutionConfigurationPlatforms) = preSolution
		Debug|Win32 = Debug|Win32
		Release|Win32 = Release|Win32
	EndGlobalSection
	GlobalSection(ProjectConfigurationPlatforms) = postSolution
		{647FD6C5-E555-4EDA-9DFB-55B8B285EBE8}.Debug|Win32.ActiveCfg = Debug|Win32
		{647FD6C5-E555-4EDA-9DFB-55B8B285EBE8}.Debug|Win32.Build.0 = Debug|Win32
		{647FD6C5-E555-4EDA-9DFB-55B8B285EBE8}.Release|Win32.ActiveCfg = Release|Win32
		{647FD6C5-E555-4EDA-9DFB-55B8B285EBE8}.Release|Win32.Build.0 = Release|Win32
	EndGlobalSection
	GlobalSection(SolutionProperties) = preSolution
		HideSolutionNode = FALSE
	EndGlobalSection
EndGlobal
