
Microsoft Visual Studio Solution File, Format Version 10.00
# Visual Studio 2008
Project("{8BC9CEB8-8B4A-11D0-8D11-00A0C91BC942}") = "WebPageDownLoad", "WebPageDownLoad\WebPageDownLoad.vcproj", "{85718746-7C04-41F1-BBC5-5A57EF2983EA}"
EndProject
Global
	GlobalSection(SolutionConfigurationPlatforms) = preSolution
		Debug|Win32 = Debug|Win32
		Release|Win32 = Release|Win32
	EndGlobalSection
	GlobalSection(ProjectConfigurationPlatforms) = postSolution
		{85718746-7C04-41F1-BBC5-5A57EF2983EA}.Debug|Win32.ActiveCfg = Debug|Win32
		{85718746-7C04-41F1-BBC5-5A57EF2983EA}.Debug|Win32.Build.0 = Debug|Win32
		{85718746-7C04-41F1-BBC5-5A57EF2983EA}.Release|Win32.ActiveCfg = Release|Win32
		{85718746-7C04-41F1-BBC5-5A57EF2983EA}.Release|Win32.Build.0 = Release|Win32
	EndGlobalSection
	GlobalSection(SolutionProperties) = preSolution
		HideSolutionNode = FALSE
	EndGlobalSection
EndGlobal
