
Microsoft Visual Studio Solution File, Format Version 10.00
# Visual Studio 2008
Project("{8BC9CEB8-8B4A-11D0-8D11-00A0C91BC942}") = "com_lean4", "com_lean4\com_lean4.vcproj", "{7A830F9F-D9DA-4FC4-8461-F65EDA284406}"
EndProject
Project("{8BC9CEB8-8B4A-11D0-8D11-00A0C91BC942}") = "com_lean4PS", "com_lean4\com_lean4PS.vcproj", "{F2FA1B99-53B6-4A9D-B763-976670FF179A}"
	ProjectSection(ProjectDependencies) = postProject
		{7A830F9F-D9DA-4FC4-8461-F65EDA284406} = {7A830F9F-D9DA-4FC4-8461-F65EDA284406}
	EndProjectSection
EndProject
Global
	GlobalSection(SolutionConfigurationPlatforms) = preSolution
		Debug|Win32 = Debug|Win32
		Debug|x64 = Debug|x64
		Release|Win32 = Release|Win32
		Release|x64 = Release|x64
	EndGlobalSection
	GlobalSection(ProjectConfigurationPlatforms) = postSolution
		{7A830F9F-D9DA-4FC4-8461-F65EDA284406}.Debug|Win32.ActiveCfg = Debug|Win32
		{7A830F9F-D9DA-4FC4-8461-F65EDA284406}.Debug|Win32.Build.0 = Debug|Win32
		{7A830F9F-D9DA-4FC4-8461-F65EDA284406}.Debug|x64.ActiveCfg = Debug|x64
		{7A830F9F-D9DA-4FC4-8461-F65EDA284406}.Debug|x64.Build.0 = Debug|x64
		{7A830F9F-D9DA-4FC4-8461-F65EDA284406}.Release|Win32.ActiveCfg = Release|Win32
		{7A830F9F-D9DA-4FC4-8461-F65EDA284406}.Release|Win32.Build.0 = Release|Win32
		{7A830F9F-D9DA-4FC4-8461-F65EDA284406}.Release|x64.ActiveCfg = Release|x64
		{7A830F9F-D9DA-4FC4-8461-F65EDA284406}.Release|x64.Build.0 = Release|x64
		{F2FA1B99-53B6-4A9D-B763-976670FF179A}.Debug|Win32.ActiveCfg = Debug|Win32
		{F2FA1B99-53B6-4A9D-B763-976670FF179A}.Debug|x64.ActiveCfg = Debug|x64
		{F2FA1B99-53B6-4A9D-B763-976670FF179A}.Debug|x64.Build.0 = Debug|x64
		{F2FA1B99-53B6-4A9D-B763-976670FF179A}.Release|Win32.ActiveCfg = Release|Win32
		{F2FA1B99-53B6-4A9D-B763-976670FF179A}.Release|x64.ActiveCfg = Release|x64
	EndGlobalSection
	GlobalSection(SolutionProperties) = preSolution
		HideSolutionNode = FALSE
	EndGlobalSection
EndGlobal
