
Microsoft Visual Studio Solution File, Format Version 10.00
# Visual Studio 2008
Project("{8BC9CEB8-8B4A-11D0-8D11-00A0C91BC942}") = "NetWorkServer", "NetWorkServer\NetWorkServer.vcproj", "{57FDC249-5D91-427B-B23B-CFD1C2D7EC4F}"
EndProject
Project("{8BC9CEB8-8B4A-11D0-8D11-00A0C91BC942}") = "NetWorkClient", "NetWorkClient\NetWorkClient.vcproj", "{E4FA26EB-C06D-4290-889C-0271202F0469}"
EndProject
Project("{8BC9CEB8-8B4A-11D0-8D11-00A0C91BC942}") = "RealClient", "Example\RealClient\RealClient.vcproj", "{62E3EAAA-105C-4397-9AB0-CCEF666713E1}"
EndProject
Global
	GlobalSection(SolutionConfigurationPlatforms) = preSolution
		Debug|Win32 = Debug|Win32
		Release|Win32 = Release|Win32
	EndGlobalSection
	GlobalSection(ProjectConfigurationPlatforms) = postSolution
		{57FDC249-5D91-427B-B23B-CFD1C2D7EC4F}.Debug|Win32.ActiveCfg = Debug|Win32
		{57FDC249-5D91-427B-B23B-CFD1C2D7EC4F}.Debug|Win32.Build.0 = Debug|Win32
		{57FDC249-5D91-427B-B23B-CFD1C2D7EC4F}.Release|Win32.ActiveCfg = Release|Win32
		{57FDC249-5D91-427B-B23B-CFD1C2D7EC4F}.Release|Win32.Build.0 = Release|Win32
		{E4FA26EB-C06D-4290-889C-0271202F0469}.Debug|Win32.ActiveCfg = Debug|Win32
		{E4FA26EB-C06D-4290-889C-0271202F0469}.Debug|Win32.Build.0 = Debug|Win32
		{E4FA26EB-C06D-4290-889C-0271202F0469}.Release|Win32.ActiveCfg = Release|Win32
		{E4FA26EB-C06D-4290-889C-0271202F0469}.Release|Win32.Build.0 = Release|Win32
		{62E3EAAA-105C-4397-9AB0-CCEF666713E1}.Debug|Win32.ActiveCfg = Debug|Win32
		{62E3EAAA-105C-4397-9AB0-CCEF666713E1}.Debug|Win32.Build.0 = Debug|Win32
		{62E3EAAA-105C-4397-9AB0-CCEF666713E1}.Release|Win32.ActiveCfg = Release|Win32
		{62E3EAAA-105C-4397-9AB0-CCEF666713E1}.Release|Win32.Build.0 = Release|Win32
	EndGlobalSection
	GlobalSection(SolutionProperties) = preSolution
		HideSolutionNode = FALSE
	EndGlobalSection
EndGlobal
