Microsoft Visual Studio Solution File, Format Version 8.00
Project("{8BC9CEB8-8B4A-11D0-8D11-00A0C91BC942}") = "dll", "dll\dll.vcproj", "{8BD0FE88-F5BD-4022-9619-237F5373D64C}"
	ProjectSection(ProjectDependencies) = postProject
	EndProjectSection
EndProject
Project("{8BC9CEB8-8B4A-11D0-8D11-00A0C91BC942}") = "testDll", "testDll\testDll.vcproj", "{0A5768BC-BDB8-4C53-865B-EB49220F2A00}"
	ProjectSection(ProjectDependencies) = postProject
	EndProjectSection
EndProject
Global
	GlobalSection(SolutionConfiguration) = preSolution
		Debug = Debug
		Release = Release
	EndGlobalSection
	GlobalSection(ProjectConfiguration) = postSolution
		{8BD0FE88-F5BD-4022-9619-237F5373D64C}.Debug.ActiveCfg = Debug|Win32
		{8BD0FE88-F5BD-4022-9619-237F5373D64C}.Debug.Build.0 = Debug|Win32
		{8BD0FE88-F5BD-4022-9619-237F5373D64C}.Release.ActiveCfg = Release|Win32
		{8BD0FE88-F5BD-4022-9619-237F5373D64C}.Release.Build.0 = Release|Win32
		{0A5768BC-BDB8-4C53-865B-EB49220F2A00}.Debug.ActiveCfg = Debug|Win32
		{0A5768BC-BDB8-4C53-865B-EB49220F2A00}.Debug.Build.0 = Debug|Win32
		{0A5768BC-BDB8-4C53-865B-EB49220F2A00}.Release.ActiveCfg = Release|Win32
		{0A5768BC-BDB8-4C53-865B-EB49220F2A00}.Release.Build.0 = Release|Win32
	EndGlobalSection
	GlobalSection(ExtensibilityGlobals) = postSolution
	EndGlobalSection
	GlobalSection(ExtensibilityAddIns) = postSolution
	EndGlobalSection
EndGlobal
