
Microsoft Visual Studio Solution File, Format Version 10.00
# Visual Studio 2008
Project("{8BC9CEB8-8B4A-11D0-8D11-00A0C91BC942}") = "ArpAttacher", "ArpAttacher\ArpAttacher.vcproj", "{7F847335-9E1A-4A4B-8B19-D614843B51A5}"
EndProject
Global
	GlobalSection(SolutionConfigurationPlatforms) = preSolution
		Debug|Win32 = Debug|Win32
		Release|Win32 = Release|Win32
	EndGlobalSection
	GlobalSection(ProjectConfigurationPlatforms) = postSolution
		{7F847335-9E1A-4A4B-8B19-D614843B51A5}.Debug|Win32.ActiveCfg = Debug|Win32
		{7F847335-9E1A-4A4B-8B19-D614843B51A5}.Debug|Win32.Build.0 = Debug|Win32
		{7F847335-9E1A-4A4B-8B19-D614843B51A5}.Release|Win32.ActiveCfg = Release|Win32
		{7F847335-9E1A-4A4B-8B19-D614843B51A5}.Release|Win32.Build.0 = Release|Win32
	EndGlobalSection
	GlobalSection(SolutionProperties) = preSolution
		HideSolutionNode = FALSE
	EndGlobalSection
EndGlobal
