
Microsoft Visual Studio Solution File, Format Version 10.00
# Visual Studio 2008
Project("{8BC9CEB8-8B4A-11D0-8D11-00A0C91BC942}") = "test_protocol", "test\test_protocol.vcproj", "{C89598DC-0A21-4393-A271-9E7F3D41DB96}"
EndProject
Project("{8BC9CEB8-8B4A-11D0-8D11-00A0C91BC942}") = "Config_XML_Tool", "Config_XML_Tool\Config_XML_Tool.vcproj", "{3C12CE45-AE2F-4F1F-BC56-9A1C896BF6C1}"
EndProject
Global
	GlobalSection(SolutionConfigurationPlatforms) = preSolution
		Debug|Win32 = Debug|Win32
		Release|Win32 = Release|Win32
	EndGlobalSection
	GlobalSection(ProjectConfigurationPlatforms) = postSolution
		{C89598DC-0A21-4393-A271-9E7F3D41DB96}.Debug|Win32.ActiveCfg = Debug|Win32
		{C89598DC-0A21-4393-A271-9E7F3D41DB96}.Debug|Win32.Build.0 = Debug|Win32
		{C89598DC-0A21-4393-A271-9E7F3D41DB96}.Release|Win32.ActiveCfg = Release|Win32
		{C89598DC-0A21-4393-A271-9E7F3D41DB96}.Release|Win32.Build.0 = Release|Win32
		{3C12CE45-AE2F-4F1F-BC56-9A1C896BF6C1}.Debug|Win32.ActiveCfg = Debug|Win32
		{3C12CE45-AE2F-4F1F-BC56-9A1C896BF6C1}.Debug|Win32.Build.0 = Debug|Win32
		{3C12CE45-AE2F-4F1F-BC56-9A1C896BF6C1}.Release|Win32.ActiveCfg = Release|Win32
		{3C12CE45-AE2F-4F1F-BC56-9A1C896BF6C1}.Release|Win32.Build.0 = Release|Win32
	EndGlobalSection
	GlobalSection(SolutionProperties) = preSolution
		HideSolutionNode = FALSE
	EndGlobalSection
EndGlobal
