
Microsoft Visual Studio Solution File, Format Version 10.00
# Visual Studio 2008
Project("{8BC9CEB8-8B4A-11D0-8D11-00A0C91BC942}") = "SELECT服务端", "SELECT服务端.vcproj", "{EEF89EFB-88BC-428B-8577-53BAA2F7EBEC}"
EndProject
Global
	GlobalSection(SolutionConfigurationPlatforms) = preSolution
		Debug|Win32 = Debug|Win32
		Release|Win32 = Release|Win32
	EndGlobalSection
	GlobalSection(ProjectConfigurationPlatforms) = postSolution
		{EEF89EFB-88BC-428B-8577-53BAA2F7EBEC}.Debug|Win32.ActiveCfg = Debug|Win32
		{EEF89EFB-88BC-428B-8577-53BAA2F7EBEC}.Debug|Win32.Build.0 = Debug|Win32
		{EEF89EFB-88BC-428B-8577-53BAA2F7EBEC}.Release|Win32.ActiveCfg = Release|Win32
		{EEF89EFB-88BC-428B-8577-53BAA2F7EBEC}.Release|Win32.Build.0 = Release|Win32
	EndGlobalSection
	GlobalSection(SolutionProperties) = preSolution
		HideSolutionNode = FALSE
	EndGlobalSection
EndGlobal
