
Microsoft Visual Studio Solution File, Format Version 10.00
# Visual Studio 2008
Project("{8BC9CEB8-8B4A-11D0-8D11-00A0C91BC942}") = "netdetective_server", "netdetective_server\netdetective_server.vcproj", "{AB11F31F-6013-4DF0-9730-17F4B7071255}"
EndProject
Project("{8BC9CEB8-8B4A-11D0-8D11-00A0C91BC942}") = "netdetective_client", "netdetective_client\netdetective_client.vcproj", "{AFDDD2CA-ACB1-4DCE-BA40-6AE9D093A994}"
EndProject
Global
	GlobalSection(SolutionConfigurationPlatforms) = preSolution
		Debug|Win32 = Debug|Win32
		Release|Win32 = Release|Win32
	EndGlobalSection
	GlobalSection(ProjectConfigurationPlatforms) = postSolution
		{AB11F31F-6013-4DF0-9730-17F4B7071255}.Debug|Win32.ActiveCfg = Debug|Win32
		{AB11F31F-6013-4DF0-9730-17F4B7071255}.Debug|Win32.Build.0 = Debug|Win32
		{AB11F31F-6013-4DF0-9730-17F4B7071255}.Release|Win32.ActiveCfg = Release|Win32
		{AB11F31F-6013-4DF0-9730-17F4B7071255}.Release|Win32.Build.0 = Release|Win32
		{AFDDD2CA-ACB1-4DCE-BA40-6AE9D093A994}.Debug|Win32.ActiveCfg = Debug|Win32
		{AFDDD2CA-ACB1-4DCE-BA40-6AE9D093A994}.Debug|Win32.Build.0 = Debug|Win32
		{AFDDD2CA-ACB1-4DCE-BA40-6AE9D093A994}.Release|Win32.ActiveCfg = Release|Win32
		{AFDDD2CA-ACB1-4DCE-BA40-6AE9D093A994}.Release|Win32.Build.0 = Release|Win32
	EndGlobalSection
	GlobalSection(SolutionProperties) = preSolution
		HideSolutionNode = FALSE
	EndGlobalSection
EndGlobal
