
Microsoft Visual Studio Solution File, Format Version 10.00
# Visual Studio 2008
Project("{8BC9CEB8-8B4A-11D0-8D11-00A0C91BC942}") = "PiSvr", "PiSvr\PiSvr.vcproj", "{93C677BF-9BE2-4452-BC2D-DEA24E17948F}"
EndProject
Project("{8BC9CEB8-8B4A-11D0-8D11-00A0C91BC942}") = "PiSvrPS", "PiSvr\PiSvrPS.vcproj", "{57E094D5-3273-4400-A1E8-3DD581497BC6}"
	ProjectSection(ProjectDependencies) = postProject
		{93C677BF-9BE2-4452-BC2D-DEA24E17948F} = {93C677BF-9BE2-4452-BC2D-DEA24E17948F}
	EndProjectSection
EndProject
Global
	GlobalSection(SolutionConfigurationPlatforms) = preSolution
		Debug|Win32 = Debug|Win32
		Release|Win32 = Release|Win32
	EndGlobalSection
	GlobalSection(ProjectConfigurationPlatforms) = postSolution
		{93C677BF-9BE2-4452-BC2D-DEA24E17948F}.Debug|Win32.ActiveCfg = Debug|Win32
		{93C677BF-9BE2-4452-BC2D-DEA24E17948F}.Debug|Win32.Build.0 = Debug|Win32
		{93C677BF-9BE2-4452-BC2D-DEA24E17948F}.Release|Win32.ActiveCfg = Release|Win32
		{93C677BF-9BE2-4452-BC2D-DEA24E17948F}.Release|Win32.Build.0 = Release|Win32
		{57E094D5-3273-4400-A1E8-3DD581497BC6}.Debug|Win32.ActiveCfg = Debug|Win32
		{57E094D5-3273-4400-A1E8-3DD581497BC6}.Release|Win32.ActiveCfg = Release|Win32
	EndGlobalSection
	GlobalSection(SolutionProperties) = preSolution
		HideSolutionNode = FALSE
	EndGlobalSection
EndGlobal
