
Microsoft Visual Studio Solution File, Format Version 10.00
# Visual Studio 2008
Project("{8BC9CEB8-8B4A-11D0-8D11-00A0C91BC942}") = "ShakeWindow", "ShakeWindow\ShakeWindow.vcproj", "{28AA782B-B2B1-44E4-8749-6F975E862C26}"
EndProject
Global
	GlobalSection(SolutionConfigurationPlatforms) = preSolution
		Debug|Win32 = Debug|Win32
		Release|Win32 = Release|Win32
	EndGlobalSection
	GlobalSection(ProjectConfigurationPlatforms) = postSolution
		{28AA782B-B2B1-44E4-8749-6F975E862C26}.Debug|Win32.ActiveCfg = Debug|Win32
		{28AA782B-B2B1-44E4-8749-6F975E862C26}.Debug|Win32.Build.0 = Debug|Win32
		{28AA782B-B2B1-44E4-8749-6F975E862C26}.Release|Win32.ActiveCfg = Release|Win32
		{28AA782B-B2B1-44E4-8749-6F975E862C26}.Release|Win32.Build.0 = Release|Win32
	EndGlobalSection
	GlobalSection(SolutionProperties) = preSolution
		HideSolutionNode = FALSE
	EndGlobalSection
EndGlobal
