
Microsoft Visual Studio Solution File, Format Version 10.00
# Visual Studio 2008
Project("{8BC9CEB8-8B4A-11D0-8D11-00A0C91BC942}") = "CH364ISL_MFC", "CH364ISL_MFC\CH364ISL_MFC.vcproj", "{10D5030A-6975-49B4-B5A3-AAD1F01572B5}"
EndProject
Global
	GlobalSection(SolutionConfigurationPlatforms) = preSolution
		Debug|Win32 = Debug|Win32
		Release|Win32 = Release|Win32
	EndGlobalSection
	GlobalSection(ProjectConfigurationPlatforms) = postSolution
		{10D5030A-6975-49B4-B5A3-AAD1F01572B5}.Debug|Win32.ActiveCfg = Debug|Win32
		{10D5030A-6975-49B4-B5A3-AAD1F01572B5}.Debug|Win32.Build.0 = Debug|Win32
		{10D5030A-6975-49B4-B5A3-AAD1F01572B5}.Release|Win32.ActiveCfg = Release|Win32
		{10D5030A-6975-49B4-B5A3-AAD1F01572B5}.Release|Win32.Build.0 = Release|Win32
	EndGlobalSection
	GlobalSection(SolutionProperties) = preSolution
		HideSolutionNode = FALSE
	EndGlobalSection
EndGlobal
