Microsoft Visual Studio Solution File, Format Version 8.00
Project("{8BC9CEB8-8B4A-11D0-8D11-00A0C91BC942}") = "TestMenu", "TestMenu\TestMenu.vcproj", "{2245F7A7-7D77-4769-99C8-11925894BA0E}"
	ProjectSection(ProjectDependencies) = postProject
	EndProjectSection
EndProject
Project("{8BC9CEB8-8B4A-11D0-8D11-00A0C91BC942}") = "TestMenuPS", "TestMenu\TestMenuPS.vcproj", "{2522EAC5-C73C-4CAA-AD07-9E715224939E}"
	ProjectSection(ProjectDependencies) = postProject
		{2245F7A7-7D77-4769-99C8-11925894BA0E} = {2245F7A7-7D77-4769-99C8-11925894BA0E}
	EndProjectSection
EndProject
Global
	GlobalSection(SolutionConfiguration) = preSolution
		Debug = Debug
		Release = Release
	EndGlobalSection
	GlobalSection(ProjectConfiguration) = postSolution
		{2245F7A7-7D77-4769-99C8-11925894BA0E}.Debug.ActiveCfg = Debug|Win32
		{2245F7A7-7D77-4769-99C8-11925894BA0E}.Debug.Build.0 = Debug|Win32
		{2245F7A7-7D77-4769-99C8-11925894BA0E}.Release.ActiveCfg = Release|Win32
		{2245F7A7-7D77-4769-99C8-11925894BA0E}.Release.Build.0 = Release|Win32
		{2522EAC5-C73C-4CAA-AD07-9E715224939E}.Debug.ActiveCfg = Debug|Win32
		{2522EAC5-C73C-4CAA-AD07-9E715224939E}.Release.ActiveCfg = Release|Win32
	EndGlobalSection
	GlobalSection(ExtensibilityGlobals) = postSolution
	EndGlobalSection
	GlobalSection(ExtensibilityAddIns) = postSolution
	EndGlobalSection
EndGlobal
